// !$*UTF8*$!
{
	archiveVersion = 1;
	classes = {
	};
	objectVersion = 54;
	objects = {

/* Begin PBXBuildFile section */
		A1010001AABBCCDDEEFF0001 /* ContentView.swift in Sources */ = {isa = PBXBuildFile; fileRef = A1011001AABBCCDDEEFF0001 /* ContentView.swift */; };
		A1010002AABBCCDDEEFF0002 /* iOSApp.swift in Sources */ = {isa = PBXBuildFile; fileRef = A1011002AABBCCDDEEFF0002 /* iOSApp.swift */; };
		A1010004AABBCCDDEEFF0004 /* Assets.xcassets in Resources */ = {isa = PBXBuildFile; fileRef = A1011004AABBCCDDEEFF0004 /* Assets.xcassets */; };
		A1010005AABBCCDDEEFF0005 /* Preview Assets.xcassets in Resources */ = {isa = PBXBuildFile; fileRef = A1011005AABBCCDDEEFF0005 /* Preview Assets.xcassets */; };
		A1010027AABBCCDDEEFF0027 /* SignInView.swift in Sources */ = {isa = PBXBuildFile; fileRef = A1011027AABBCCDDEEFF0027 /* SignInView.swift */; };
		A1010028AABBCCDDEEFF0028 /* SignInViewModel.swift in Sources */ = {isa = PBXBuildFile; fileRef = A1011028AABBCCDDEEFF0028 /* SignInViewModel.swift */; };
		A1010029AABBCCDDEEFF0029 /* SignInUiState.swift in Sources */ = {isa = PBXBuildFile; fileRef = A1011029AABBCCDDEEFF0029 /* SignInUiState.swift */; };
		A1010030AABBCCDDEEFF0030 /* SignInAction.swift in Sources */ = {isa = PBXBuildFile; fileRef = A1011030AABBCCDDEEFF0030 /* SignInAction.swift */; };
		A1010031AABBCCDDEEFF0031 /* SignInEvent.swift in Sources */ = {isa = PBXBuildFile; fileRef = A1011031AABBCCDDEEFF0031 /* SignInEvent.swift */; };
		A1010032AABBCCDDEEFF0032 /* JoinView.swift in Sources */ = {isa = PBXBuildFile; fileRef = A1011032AABBCCDDEEFF0032 /* JoinView.swift */; };
		A1010033AABBCCDDEEFF0033 /* JoinViewModel.swift in Sources */ = {isa = PBXBuildFile; fileRef = A1011033AABBCCDDEEFF0033 /* JoinViewModel.swift */; };
		A1010034AABBCCDDEEFF0034 /* JoinUiState.swift in Sources */ = {isa = PBXBuildFile; fileRef = A1011034AABBCCDDEEFF0034 /* JoinUiState.swift */; };
		A1010035AABBCCDDEEFF0035 /* JoinAction.swift in Sources */ = {isa = PBXBuildFile; fileRef = A1011035AABBCCDDEEFF0035 /* JoinAction.swift */; };
		A1010036AABBCCDDEEFF0036 /* JoinEvent.swift in Sources */ = {isa = PBXBuildFile; fileRef = A1011036AABBCCDDEEFF0036 /* JoinEvent.swift */; };
		A1010037AABBCCDDEEFF0037 /* WaitingView.swift in Sources */ = {isa = PBXBuildFile; fileRef = A1011037AABBCCDDEEFF0037 /* WaitingView.swift */; };
		A1010038AABBCCDDEEFF0038 /* WaitingViewModel.swift in Sources */ = {isa = PBXBuildFile; fileRef = A1011038AABBCCDDEEFF0038 /* WaitingViewModel.swift */; };
		A1010039AABBCCDDEEFF0039 /* WaitingUiState.swift in Sources */ = {isa = PBXBuildFile; fileRef = A1011039AABBCCDDEEFF0039 /* WaitingUiState.swift */; };
		A1010040AABBCCDDEEFF0040 /* WaitingAction.swift in Sources */ = {isa = PBXBuildFile; fileRef = A1011040AABBCCDDEEFF0040 /* WaitingAction.swift */; };
		A1010041AABBCCDDEEFF0041 /* WaitingEvent.swift in Sources */ = {isa = PBXBuildFile; fileRef = A1011041AABBCCDDEEFF0041 /* WaitingEvent.swift */; };
		A1010042AABBCCDDEEFF0042 /* PlayView.swift in Sources */ = {isa = PBXBuildFile; fileRef = A1011042AABBCCDDEEFF0042 /* PlayView.swift */; };
		A1010067AABBCCDDEEFF0067 /* VoiceHintPlayerView.swift in Sources */ = {isa = PBXBuildFile; fileRef = A1011067AABBCCDDEEFF0067 /* VoiceHintPlayerView.swift */; };
		A1010043AABBCCDDEEFF0043 /* PlayViewModel.swift in Sources */ = {isa = PBXBuildFile; fileRef = A1011043AABBCCDDEEFF0043 /* PlayViewModel.swift */; };
		A1010044AABBCCDDEEFF0044 /* PlayUiState.swift in Sources */ = {isa = PBXBuildFile; fileRef = A1011044AABBCCDDEEFF0044 /* PlayUiState.swift */; };
		A1010045AABBCCDDEEFF0045 /* PlayAction.swift in Sources */ = {isa = PBXBuildFile; fileRef = A1011045AABBCCDDEEFF0045 /* PlayAction.swift */; };
		A1010046AABBCCDDEEFF0046 /* PlayEvent.swift in Sources */ = {isa = PBXBuildFile; fileRef = A1011046AABBCCDDEEFF0046 /* PlayEvent.swift */; };
		A1010047AABBCCDDEEFF0047 /* ResultView.swift in Sources */ = {isa = PBXBuildFile; fileRef = A1011047AABBCCDDEEFF0047 /* ResultView.swift */; };
		A1010068AABBCCDDEEFF0068 /* FeedbackSectionView.swift in Sources */ = {isa = PBXBuildFile; fileRef = A1011068AABBCCDDEEFF0068 /* FeedbackSectionView.swift */; };
		A1010069AABBCCDDEEFF0069 /* SignupPromptSectionView.swift in Sources */ = {isa = PBXBuildFile; fileRef = A1011069AABBCCDDEEFF0069 /* SignupPromptSectionView.swift */; };
		A1010048AABBCCDDEEFF0048 /* ResultViewModel.swift in Sources */ = {isa = PBXBuildFile; fileRef = A1011048AABBCCDDEEFF0048 /* ResultViewModel.swift */; };
		A1010049AABBCCDDEEFF0049 /* ResultUiState.swift in Sources */ = {isa = PBXBuildFile; fileRef = A1011049AABBCCDDEEFF0049 /* ResultUiState.swift */; };
		A1010050AABBCCDDEEFF0050 /* ResultAction.swift in Sources */ = {isa = PBXBuildFile; fileRef = A1011050AABBCCDDEEFF0050 /* ResultAction.swift */; };
		A1010051AABBCCDDEEFF0051 /* ResultEvent.swift in Sources */ = {isa = PBXBuildFile; fileRef = A1011051AABBCCDDEEFF0051 /* ResultEvent.swift */; };
		A1010052AABBCCDDEEFF0052 /* JoinedRoomsView.swift in Sources */ = {isa = PBXBuildFile; fileRef = A1011052AABBCCDDEEFF0052 /* JoinedRoomsView.swift */; };
		A1010053AABBCCDDEEFF0053 /* JoinedRoomsViewModel.swift in Sources */ = {isa = PBXBuildFile; fileRef = A1011053AABBCCDDEEFF0053 /* JoinedRoomsViewModel.swift */; };
		A1010054AABBCCDDEEFF0054 /* JoinedRoomsUiState.swift in Sources */ = {isa = PBXBuildFile; fileRef = A1011054AABBCCDDEEFF0054 /* JoinedRoomsUiState.swift */; };
		A1010055AABBCCDDEEFF0055 /* JoinedRoomsAction.swift in Sources */ = {isa = PBXBuildFile; fileRef = A1011055AABBCCDDEEFF0055 /* JoinedRoomsAction.swift */; };
		A1010056AABBCCDDEEFF0056 /* JoinedRoomsEvent.swift in Sources */ = {isa = PBXBuildFile; fileRef = A1011056AABBCCDDEEFF0056 /* JoinedRoomsEvent.swift */; };
		A1010057AABBCCDDEEFF0057 /* PaymentView.swift in Sources */ = {isa = PBXBuildFile; fileRef = A1011057AABBCCDDEEFF0057 /* PaymentView.swift */; };
		A1010058AABBCCDDEEFF0058 /* PaymentViewModel.swift in Sources */ = {isa = PBXBuildFile; fileRef = A1011058AABBCCDDEEFF0058 /* PaymentViewModel.swift */; };
		A1010059AABBCCDDEEFF0059 /* PaymentUiState.swift in Sources */ = {isa = PBXBuildFile; fileRef = A1011059AABBCCDDEEFF0059 /* PaymentUiState.swift */; };
		A1010060AABBCCDDEEFF0060 /* PaymentAction.swift in Sources */ = {isa = PBXBuildFile; fileRef = A1011060AABBCCDDEEFF0060 /* PaymentAction.swift */; };
		A1010061AABBCCDDEEFF0061 /* PaymentEvent.swift in Sources */ = {isa = PBXBuildFile; fileRef = A1011061AABBCCDDEEFF0061 /* PaymentEvent.swift */; };
		A1010062AABBCCDDEEFF0062 /* Route.swift in Sources */ = {isa = PBXBuildFile; fileRef = A1011062AABBCCDDEEFF0062 /* Route.swift */; };
		A1010063AABBCCDDEEFF0063 /* PassmateColors.swift in Sources */ = {isa = PBXBuildFile; fileRef = A1011063AABBCCDDEEFF0063 /* PassmateColors.swift */; };
		A1010064AABBCCDDEEFF0064 /* PassmateCard.swift in Sources */ = {isa = PBXBuildFile; fileRef = A1011064AABBCCDDEEFF0064 /* PassmateCard.swift */; };
		A101000070AABBCCDDEEFF0070 /* StarRatingView.swift in Sources */ = {isa = PBXBuildFile; fileRef = A101100070AABBCCDDEEFF0070 /* StarRatingView.swift */; };
		A101000073AABBCCDDEEFF0073 /* PortOnePaymentView.swift in Sources */ = {isa = PBXBuildFile; fileRef = A101100073AABBCCDDEEFF0073 /* PortOnePaymentView.swift */; };
		A101000074AABBCCDDEEFF0074 /* RoomListUiState.swift in Sources */ = {isa = PBXBuildFile; fileRef = A101100074AABBCCDDEEFF0074 /* RoomListUiState.swift */; };
		A101000075AABBCCDDEEFF0075 /* RoomListAction.swift in Sources */ = {isa = PBXBuildFile; fileRef = A101100075AABBCCDDEEFF0075 /* RoomListAction.swift */; };
		A101000076AABBCCDDEEFF0076 /* RoomListEvent.swift in Sources */ = {isa = PBXBuildFile; fileRef = A101100076AABBCCDDEEFF0076 /* RoomListEvent.swift */; };
		A101000077AABBCCDDEEFF0077 /* RoomListViewModel.swift in Sources */ = {isa = PBXBuildFile; fileRef = A101100077AABBCCDDEEFF0077 /* RoomListViewModel.swift */; };
		A101000078AABBCCDDEEFF0078 /* RoomListView.swift in Sources */ = {isa = PBXBuildFile; fileRef = A101100078AABBCCDDEEFF0078 /* RoomListView.swift */; };
		A101000079AABBCCDDEEFF0079 /* CoinHistoryUiState.swift in Sources */ = {isa = PBXBuildFile; fileRef = A101100079AABBCCDDEEFF0079 /* CoinHistoryUiState.swift */; };
		A101000080AABBCCDDEEFF0080 /* CoinHistoryAction.swift in Sources */ = {isa = PBXBuildFile; fileRef = A101100080AABBCCDDEEFF0080 /* CoinHistoryAction.swift */; };
		A101000081AABBCCDDEEFF0081 /* CoinHistoryEvent.swift in Sources */ = {isa = PBXBuildFile; fileRef = A101100081AABBCCDDEEFF0081 /* CoinHistoryEvent.swift */; };
		A101000082AABBCCDDEEFF0082 /* CoinHistoryViewModel.swift in Sources */ = {isa = PBXBuildFile; fileRef = A101100082AABBCCDDEEFF0082 /* CoinHistoryViewModel.swift */; };
		A101000083AABBCCDDEEFF0083 /* CoinHistoryView.swift in Sources */ = {isa = PBXBuildFile; fileRef = A101100083AABBCCDDEEFF0083 /* CoinHistoryView.swift */; };
		A1010000159AABBCCDDEEFF0159 /* CoinChargeUiState.swift in Sources */ = {isa = PBXBuildFile; fileRef = A1011000159AABBCCDDEEFF0159 /* CoinChargeUiState.swift */; };
		A1010000160AABBCCDDEEFF0160 /* CoinChargeAction.swift in Sources */ = {isa = PBXBuildFile; fileRef = A1011000160AABBCCDDEEFF0160 /* CoinChargeAction.swift */; };
		A1010000161AABBCCDDEEFF0161 /* CoinChargeEvent.swift in Sources */ = {isa = PBXBuildFile; fileRef = A1011000161AABBCCDDEEFF0161 /* CoinChargeEvent.swift */; };
		A1010000162AABBCCDDEEFF0162 /* CoinChargeViewModel.swift in Sources */ = {isa = PBXBuildFile; fileRef = A1011000162AABBCCDDEEFF0162 /* CoinChargeViewModel.swift */; };
		A1010000163AABBCCDDEEFF0163 /* CoinChargeView.swift in Sources */ = {isa = PBXBuildFile; fileRef = A1011000163AABBCCDDEEFF0163 /* CoinChargeView.swift */; };
		A101000084AABBCCDDEEFF0084 /* ReputationUiState.swift in Sources */ = {isa = PBXBuildFile; fileRef = A101100084AABBCCDDEEFF0084 /* ReputationUiState.swift */; };
		A101000085AABBCCDDEEFF0085 /* ReputationAction.swift in Sources */ = {isa = PBXBuildFile; fileRef = A101100085AABBCCDDEEFF0085 /* ReputationAction.swift */; };
		A101000086AABBCCDDEEFF0086 /* ReputationEvent.swift in Sources */ = {isa = PBXBuildFile; fileRef = A101100086AABBCCDDEEFF0086 /* ReputationEvent.swift */; };
		A101000087AABBCCDDEEFF0087 /* ReputationViewModel.swift in Sources */ = {isa = PBXBuildFile; fileRef = A101100087AABBCCDDEEFF0087 /* ReputationViewModel.swift */; };
		A101000088AABBCCDDEEFF0088 /* ReputationView.swift in Sources */ = {isa = PBXBuildFile; fileRef = A101100088AABBCCDDEEFF0088 /* ReputationView.swift */; };
		A101000089AABBCCDDEEFF0089 /* HostProfileUiState.swift in Sources */ = {isa = PBXBuildFile; fileRef = A101100089AABBCCDDEEFF0089 /* HostProfileUiState.swift */; };
		A101000090AABBCCDDEEFF0090 /* HostProfileAction.swift in Sources */ = {isa = PBXBuildFile; fileRef = A101100090AABBCCDDEEFF0090 /* HostProfileAction.swift */; };
		A101000091AABBCCDDEEFF0091 /* HostProfileEvent.swift in Sources */ = {isa = PBXBuildFile; fileRef = A101100091AABBCCDDEEFF0091 /* HostProfileEvent.swift */; };
		A101000092AABBCCDDEEFF0092 /* HostProfileViewModel.swift in Sources */ = {isa = PBXBuildFile; fileRef = A101100092AABBCCDDEEFF0092 /* HostProfileViewModel.swift */; };
		A101000093AABBCCDDEEFF0093 /* HostProfileSheetView.swift in Sources */ = {isa = PBXBuildFile; fileRef = A101100093AABBCCDDEEFF0093 /* HostProfileSheetView.swift */; };
		A101000094AABBCCDDEEFF0094 /* HostedRoomsUiState.swift in Sources */ = {isa = PBXBuildFile; fileRef = A101100094AABBCCDDEEFF0094 /* HostedRoomsUiState.swift */; };
		A101000095AABBCCDDEEFF0095 /* HostedRoomsAction.swift in Sources */ = {isa = PBXBuildFile; fileRef = A101100095AABBCCDDEEFF0095 /* HostedRoomsAction.swift */; };
		A101000096AABBCCDDEEFF0096 /* HostedRoomsEvent.swift in Sources */ = {isa = PBXBuildFile; fileRef = A101100096AABBCCDDEEFF0096 /* HostedRoomsEvent.swift */; };
		A101000097AABBCCDDEEFF0097 /* HostedRoomsViewModel.swift in Sources */ = {isa = PBXBuildFile; fileRef = A101100097AABBCCDDEEFF0097 /* HostedRoomsViewModel.swift */; };
		A101000098AABBCCDDEEFF0098 /* HostedRoomsView.swift in Sources */ = {isa = PBXBuildFile; fileRef = A101100098AABBCCDDEEFF0098 /* HostedRoomsView.swift */; };
		A101000099AABBCCDDEEFF0099 /* CreateRoomUiState.swift in Sources */ = {isa = PBXBuildFile; fileRef = A101100099AABBCCDDEEFF0099 /* CreateRoomUiState.swift */; };
		A101000100AABBCCDDEEFF0100 /* CreateRoomAction.swift in Sources */ = {isa = PBXBuildFile; fileRef = A101100100AABBCCDDEEFF0100 /* CreateRoomAction.swift */; };
		A101000101AABBCCDDEEFF0101 /* CreateRoomEvent.swift in Sources */ = {isa = PBXBuildFile; fileRef = A101100101AABBCCDDEEFF0101 /* CreateRoomEvent.swift */; };
		A101000102AABBCCDDEEFF0102 /* CreateRoomViewModel.swift in Sources */ = {isa = PBXBuildFile; fileRef = A101100102AABBCCDDEEFF0102 /* CreateRoomViewModel.swift */; };
		A101000103AABBCCDDEEFF0103 /* CreateRoomSheetView.swift in Sources */ = {isa = PBXBuildFile; fileRef = A101100103AABBCCDDEEFF0103 /* CreateRoomSheetView.swift */; };
		A101000104AABBCCDDEEFF0104 /* RoomReportUiState.swift in Sources */ = {isa = PBXBuildFile; fileRef = A101100104AABBCCDDEEFF0104 /* RoomReportUiState.swift */; };
		A101000105AABBCCDDEEFF0105 /* RoomReportAction.swift in Sources */ = {isa = PBXBuildFile; fileRef = A101100105AABBCCDDEEFF0105 /* RoomReportAction.swift */; };
		A101000106AABBCCDDEEFF0106 /* RoomReportEvent.swift in Sources */ = {isa = PBXBuildFile; fileRef = A101100106AABBCCDDEEFF0106 /* RoomReportEvent.swift */; };
		A101000107AABBCCDDEEFF0107 /* RoomReportViewModel.swift in Sources */ = {isa = PBXBuildFile; fileRef = A101100107AABBCCDDEEFF0107 /* RoomReportViewModel.swift */; };
		A101000108AABBCCDDEEFF0108 /* RoomReportView.swift in Sources */ = {isa = PBXBuildFile; fileRef = A101100108AABBCCDDEEFF0108 /* RoomReportView.swift */; };
		A101000109AABBCCDDEEFF0109 /* SessionControlUiState.swift in Sources */ = {isa = PBXBuildFile; fileRef = A101100109AABBCCDDEEFF0109 /* SessionControlUiState.swift */; };
		A101000110AABBCCDDEEFF0110 /* SessionControlAction.swift in Sources */ = {isa = PBXBuildFile; fileRef = A101100110AABBCCDDEEFF0110 /* SessionControlAction.swift */; };
		A101000111AABBCCDDEEFF0111 /* SessionControlEvent.swift in Sources */ = {isa = PBXBuildFile; fileRef = A101100111AABBCCDDEEFF0111 /* SessionControlEvent.swift */; };
		A101000112AABBCCDDEEFF0112 /* SessionControlViewModel.swift in Sources */ = {isa = PBXBuildFile; fileRef = A101100112AABBCCDDEEFF0112 /* SessionControlViewModel.swift */; };
		A101000113AABBCCDDEEFF0113 /* SessionControlView.swift in Sources */ = {isa = PBXBuildFile; fileRef = A101100113AABBCCDDEEFF0113 /* SessionControlView.swift */; };
		A1010001114AABBCCDDEEFF0114 /* EarningsUiState.swift in Sources */ = {isa = PBXBuildFile; fileRef = A1011001114AABBCCDDEEFF0114 /* EarningsUiState.swift */; };
		A1010001115AABBCCDDEEFF0115 /* EarningsAction.swift in Sources */ = {isa = PBXBuildFile; fileRef = A1011001115AABBCCDDEEFF0115 /* EarningsAction.swift */; };
		A1010001116AABBCCDDEEFF0116 /* EarningsEvent.swift in Sources */ = {isa = PBXBuildFile; fileRef = A1011001116AABBCCDDEEFF0116 /* EarningsEvent.swift */; };
		A1010001117AABBCCDDEEFF0117 /* EarningsViewModel.swift in Sources */ = {isa = PBXBuildFile; fileRef = A1011001117AABBCCDDEEFF0117 /* EarningsViewModel.swift */; };
		A1010001118AABBCCDDEEFF0118 /* EarningsView.swift in Sources */ = {isa = PBXBuildFile; fileRef = A1011001118AABBCCDDEEFF0118 /* EarningsView.swift */; };
		A1010001119AABBCCDDEEFF0119 /* SettlementAccountUiState.swift in Sources */ = {isa = PBXBuildFile; fileRef = A1011001119AABBCCDDEEFF0119 /* SettlementAccountUiState.swift */; };
		A1010001120AABBCCDDEEFF0120 /* SettlementAccountAction.swift in Sources */ = {isa = PBXBuildFile; fileRef = A1011001120AABBCCDDEEFF0120 /* SettlementAccountAction.swift */; };
		A1010001121AABBCCDDEEFF0121 /* SettlementAccountEvent.swift in Sources */ = {isa = PBXBuildFile; fileRef = A1011001121AABBCCDDEEFF0121 /* SettlementAccountEvent.swift */; };
		A1010001122AABBCCDDEEFF0122 /* SettlementAccountViewModel.swift in Sources */ = {isa = PBXBuildFile; fileRef = A1011001122AABBCCDDEEFF0122 /* SettlementAccountViewModel.swift */; };
		A1010001123AABBCCDDEEFF0123 /* SettlementAccountView.swift in Sources */ = {isa = PBXBuildFile; fileRef = A1011001123AABBCCDDEEFF0123 /* SettlementAccountView.swift */; };
		A1010001124AABBCCDDEEFF0124 /* VoiceHintRecorder.swift in Sources */ = {isa = PBXBuildFile; fileRef = A1011001124AABBCCDDEEFF0124 /* VoiceHintRecorder.swift */; };
		A1010001125AABBCCDDEEFF0125 /* MyInfoUiState.swift in Sources */ = {isa = PBXBuildFile; fileRef = A1011001125AABBCCDDEEFF0125 /* MyInfoUiState.swift */; };
		A1010001126AABBCCDDEEFF0126 /* MyInfoAction.swift in Sources */ = {isa = PBXBuildFile; fileRef = A1011001126AABBCCDDEEFF0126 /* MyInfoAction.swift */; };
		A1010001127AABBCCDDEEFF0127 /* MyInfoEvent.swift in Sources */ = {isa = PBXBuildFile; fileRef = A1011001127AABBCCDDEEFF0127 /* MyInfoEvent.swift */; };
		A1010001128AABBCCDDEEFF0128 /* MyInfoViewModel.swift in Sources */ = {isa = PBXBuildFile; fileRef = A1011001128AABBCCDDEEFF0128 /* MyInfoViewModel.swift */; };
		A1010001129AABBCCDDEEFF0129 /* MyInfoView.swift in Sources */ = {isa = PBXBuildFile; fileRef = A1011001129AABBCCDDEEFF0129 /* MyInfoView.swift */; };
		A1010001130AABBCCDDEEFF0130 /* EditProfileUiState.swift in Sources */ = {isa = PBXBuildFile; fileRef = A1011001130AABBCCDDEEFF0130 /* EditProfileUiState.swift */; };
		A1010001131AABBCCDDEEFF0131 /* EditProfileAction.swift in Sources */ = {isa = PBXBuildFile; fileRef = A1011001131AABBCCDDEEFF0131 /* EditProfileAction.swift */; };
		A1010001132AABBCCDDEEFF0132 /* EditProfileEvent.swift in Sources */ = {isa = PBXBuildFile; fileRef = A1011001132AABBCCDDEEFF0132 /* EditProfileEvent.swift */; };
		A1010001133AABBCCDDEEFF0133 /* EditProfileViewModel.swift in Sources */ = {isa = PBXBuildFile; fileRef = A1011001133AABBCCDDEEFF0133 /* EditProfileViewModel.swift */; };
		A1010001134AABBCCDDEEFF0134 /* EditProfileView.swift in Sources */ = {isa = PBXBuildFile; fileRef = A1011001134AABBCCDDEEFF0134 /* EditProfileView.swift */; };
		A1010001135AABBCCDDEEFF0135 /* NotificationSettingsUiState.swift in Sources */ = {isa = PBXBuildFile; fileRef = A1011001135AABBCCDDEEFF0135 /* NotificationSettingsUiState.swift */; };
		A1010001136AABBCCDDEEFF0136 /* NotificationSettingsAction.swift in Sources */ = {isa = PBXBuildFile; fileRef = A1011001136AABBCCDDEEFF0136 /* NotificationSettingsAction.swift */; };
		A1010001137AABBCCDDEEFF0137 /* NotificationSettingsEvent.swift in Sources */ = {isa = PBXBuildFile; fileRef = A1011001137AABBCCDDEEFF0137 /* NotificationSettingsEvent.swift */; };
		A1010001138AABBCCDDEEFF0138 /* NotificationSettingsViewModel.swift in Sources */ = {isa = PBXBuildFile; fileRef = A1011001138AABBCCDDEEFF0138 /* NotificationSettingsViewModel.swift */; };
		A1010001139AABBCCDDEEFF0139 /* NotificationSettingsView.swift in Sources */ = {isa = PBXBuildFile; fileRef = A1011001139AABBCCDDEEFF0139 /* NotificationSettingsView.swift */; };
		A1010001140AABBCCDDEEFF0140 /* PaymentMethodUiState.swift in Sources */ = {isa = PBXBuildFile; fileRef = A1011001140AABBCCDDEEFF0140 /* PaymentMethodUiState.swift */; };
		A1010001141AABBCCDDEEFF0141 /* PaymentMethodAction.swift in Sources */ = {isa = PBXBuildFile; fileRef = A1011001141AABBCCDDEEFF0141 /* PaymentMethodAction.swift */; };
		A1010001142AABBCCDDEEFF0142 /* PaymentMethodEvent.swift in Sources */ = {isa = PBXBuildFile; fileRef = A1011001142AABBCCDDEEFF0142 /* PaymentMethodEvent.swift */; };
		A1010001143AABBCCDDEEFF0143 /* PaymentMethodViewModel.swift in Sources */ = {isa = PBXBuildFile; fileRef = A1011001143AABBCCDDEEFF0143 /* PaymentMethodViewModel.swift */; };
		A1010001144AABBCCDDEEFF0144 /* PaymentMethodView.swift in Sources */ = {isa = PBXBuildFile; fileRef = A1011001144AABBCCDDEEFF0144 /* PaymentMethodView.swift */; };
		A1010001145AABBCCDDEEFF0145 /* AppTab.swift in Sources */ = {isa = PBXBuildFile; fileRef = A1011001145AABBCCDDEEFF0145 /* AppTab.swift */; };
		A1010001146AABBCCDDEEFF0146 /* AppShellUiState.swift in Sources */ = {isa = PBXBuildFile; fileRef = A1011001146AABBCCDDEEFF0146 /* AppShellUiState.swift */; };
		A1010001147AABBCCDDEEFF0147 /* AppShellAction.swift in Sources */ = {isa = PBXBuildFile; fileRef = A1011001147AABBCCDDEEFF0147 /* AppShellAction.swift */; };
		A1010001148AABBCCDDEEFF0148 /* AppShellEvent.swift in Sources */ = {isa = PBXBuildFile; fileRef = A1011001148AABBCCDDEEFF0148 /* AppShellEvent.swift */; };
		A1010001149AABBCCDDEEFF0149 /* AppShellViewModel.swift in Sources */ = {isa = PBXBuildFile; fileRef = A1011001149AABBCCDDEEFF0149 /* AppShellViewModel.swift */; };
		A1010000164AABBCCDDEEFF0164 /* DeleteAccountUiState.swift in Sources */ = {isa = PBXBuildFile; fileRef = A1011000164AABBCCDDEEFF0164 /* DeleteAccountUiState.swift */; };
		A1010000165AABBCCDDEEFF0165 /* DeleteAccountAction.swift in Sources */ = {isa = PBXBuildFile; fileRef = A1011000165AABBCCDDEEFF0165 /* DeleteAccountAction.swift */; };
		A1010000166AABBCCDDEEFF0166 /* DeleteAccountEvent.swift in Sources */ = {isa = PBXBuildFile; fileRef = A1011000166AABBCCDDEEFF0166 /* DeleteAccountEvent.swift */; };
		A1010000167AABBCCDDEEFF0167 /* DeleteAccountViewModel.swift in Sources */ = {isa = PBXBuildFile; fileRef = A1011000167AABBCCDDEEFF0167 /* DeleteAccountViewModel.swift */; };
		A1010000168AABBCCDDEE9000 /* CharacterEditAction.swift in Sources */ = {isa = PBXBuildFile; fileRef = A1011000168AABBCCDDEE9000 /* CharacterEditAction.swift */; };
		A1010000168AABBCCDDEE9001 /* CharacterEditEvent.swift in Sources */ = {isa = PBXBuildFile; fileRef = A1011000168AABBCCDDEE9001 /* CharacterEditEvent.swift */; };
		A1010000168AABBCCDDEE9002 /* CharacterEditUiState.swift in Sources */ = {isa = PBXBuildFile; fileRef = A1011000168AABBCCDDEE9002 /* CharacterEditUiState.swift */; };
		A1010000168AABBCCDDEE9003 /* CharacterEditViewModel.swift in Sources */ = {isa = PBXBuildFile; fileRef = A1011000168AABBCCDDEE9003 /* CharacterEditViewModel.swift */; };
		A1010000168AABBCCDDEE9004 /* CharacterEditView.swift in Sources */ = {isa = PBXBuildFile; fileRef = A1011000168AABBCCDDEE9004 /* CharacterEditView.swift */; };
		A1010000168AABBCCDDEEFF0168 /* DeleteAccountView.swift in Sources */ = {isa = PBXBuildFile; fileRef = A1011000168AABBCCDDEEFF0168 /* DeleteAccountView.swift */; };
		A1010000171AABBCCDDEEFF0171 /* PassmateBackButton.swift in Sources */ = {isa = PBXBuildFile; fileRef = A1011000171AABBCCDDEEFF0171 /* PassmateBackButton.swift */; };
		A1010000172AABBCCDDEEFF0172 /* PassmateSplashView.swift in Sources */ = {isa = PBXBuildFile; fileRef = A1011000172AABBCCDDEEFF0172 /* PassmateSplashView.swift */; };
		A1010001155AABBCCDDEEFF0155 /* RouteStackLevel.swift in Sources */ = {isa = PBXBuildFile; fileRef = A1011001155AABBCCDDEEFF0155 /* RouteStackLevel.swift */; };
		A1010001156AABBCCDDEEFF0156 /* FlowLayout.swift in Sources */ = {isa = PBXBuildFile; fileRef = A1011001156AABBCCDDEEFF0156 /* FlowLayout.swift */; };
		A1010001157AABBCCDDEEFF0157 /* WeakTopicsRow.swift in Sources */ = {isa = PBXBuildFile; fileRef = A1011001157AABBCCDDEEFF0157 /* WeakTopicsRow.swift */; };
		A1010001160AABBCCDDEEFF0160 /* PassmateEmptyStateView.swift in Sources */ = {isa = PBXBuildFile; fileRef = A1011001160AABBCCDDEEFF0160 /* PassmateEmptyStateView.swift */; };
		A1010001159AABBCCDDEEFF0159 /* PassmateIconView.swift in Sources */ = {isa = PBXBuildFile; fileRef = A1011001159AABBCCDDEEFF0159 /* PassmateIconView.swift */; };
		A1010000168AABBCCDDEE9100 /* PassmateTimerBar.swift in Sources */ = {isa = PBXBuildFile; fileRef = A1011000168AABBCCDDEE9100 /* PassmateTimerBar.swift */; };
		A1010002201AABBCCDDEEFF0201 /* PassmateBottomTabBar.swift in Sources */ = {isa = PBXBuildFile; fileRef = A1011002201AABBCCDDEEFF0201 /* PassmateBottomTabBar.swift */; };
		A1010002201AABBCCDDEEFF0301 /* PassmateSkeletonView.swift in Sources */ = {isa = PBXBuildFile; fileRef = A1011002201AABBCCDDEEFF0301 /* PassmateSkeletonView.swift */; };
		A1010002202AABBCCDDEEFF0202 /* NativeTabBarHidden.swift in Sources */ = {isa = PBXBuildFile; fileRef = A1011002202AABBCCDDEEFF0202 /* NativeTabBarHidden.swift */; };
		A1010001158AABBCCDDEEFF0158 /* SheetDetents.swift in Sources */ = {isa = PBXBuildFile; fileRef = A1011001158AABBCCDDEEFF0158 /* SheetDetents.swift */; };
		A1010000169AABBCCDDEEFF0169 /* PassmateIcons.swift in Sources */ = {isa = PBXBuildFile; fileRef = A1011000169AABBCCDDEEFF0169 /* PassmateIcons.swift */; };
		A1010000170AABBCCDDEEFF0170 /* PassmateIconView.swift in Sources */ = {isa = PBXBuildFile; fileRef = A1011000170AABBCCDDEEFF0170 /* PassmateIconView.swift */; };
		A101000071AABBCCDDEEFF0071 /* RatingSectionView.swift in Sources */ = {isa = PBXBuildFile; fileRef = A101100071AABBCCDDEEFF0071 /* RatingSectionView.swift */; };
		A101000072AABBCCDDEEFF0072 /* RoomInfoCardView.swift in Sources */ = {isa = PBXBuildFile; fileRef = A101100072AABBCCDDEEFF0072 /* RoomInfoCardView.swift */; };
		A1010065AABBCCDDEEFF0065 /* StudentAvatar.swift in Sources */ = {isa = PBXBuildFile; fileRef = A1011065AABBCCDDEEFF0065 /* StudentAvatar.swift */; };
		A1010066AABBCCDDEEFF0066 /* PassyMascot.swift in Sources */ = {isa = PBXBuildFile; fileRef = A1011066AABBCCDDEEFF0066 /* PassyMascot.swift */; };
/* End PBXBuildFile section */

/* Begin PBXFileReference section */
		A1011000AABBCCDDEEFF0000 /* Config.xcconfig */ = {isa = PBXFileReference; lastKnownFileType = text.xcconfig; path = Config.xcconfig; sourceTree = "<group>"; };
		A1011001AABBCCDDEEFF0001 /* ContentView.swift */ = {isa = PBXFileReference; lastKnownFileType = sourcecode.swift; path = ContentView.swift; sourceTree = "<group>"; };
		A1011002AABBCCDDEEFF0002 /* iOSApp.swift */ = {isa = PBXFileReference; lastKnownFileType = sourcecode.swift; path = iOSApp.swift; sourceTree = "<group>"; };
		A1011004AABBCCDDEEFF0004 /* Assets.xcassets */ = {isa = PBXFileReference; lastKnownFileType = folder.assetcatalog; path = Assets.xcassets; sourceTree = "<group>"; };
		A1011005AABBCCDDEEFF0005 /* Preview Assets.xcassets */ = {isa = PBXFileReference; lastKnownFileType = folder.assetcatalog; path = "Preview Assets.xcassets"; sourceTree = "<group>"; };
		A1011006AABBCCDDEEFF0006 /* Info.plist */ = {isa = PBXFileReference; lastKnownFileType = text.plist.xml; path = Info.plist; sourceTree = "<group>"; };
		FEA9D4AD37B8EF9BE110840A /* Passmate.app */ = {isa = PBXFileReference; explicitFileType = wrapper.application; includeInIndex = 0; path = Passmate.app; sourceTree = BUILT_PRODUCTS_DIR; };
		A1011027AABBCCDDEEFF0027 /* SignInView.swift */ = {isa = PBXFileReference; lastKnownFileType = sourcecode.swift; path = SignInView.swift; sourceTree = "<group>"; };
		A1011028AABBCCDDEEFF0028 /* SignInViewModel.swift */ = {isa = PBXFileReference; lastKnownFileType = sourcecode.swift; path = SignInViewModel.swift; sourceTree = "<group>"; };
		A1011029AABBCCDDEEFF0029 /* SignInUiState.swift */ = {isa = PBXFileReference; lastKnownFileType = sourcecode.swift; path = SignInUiState.swift; sourceTree = "<group>"; };
		A1011030AABBCCDDEEFF0030 /* SignInAction.swift */ = {isa = PBXFileReference; lastKnownFileType = sourcecode.swift; path = SignInAction.swift; sourceTree = "<group>"; };
		A1011031AABBCCDDEEFF0031 /* SignInEvent.swift */ = {isa = PBXFileReference; lastKnownFileType = sourcecode.swift; path = SignInEvent.swift; sourceTree = "<group>"; };
		A1011032AABBCCDDEEFF0032 /* JoinView.swift */ = {isa = PBXFileReference; lastKnownFileType = sourcecode.swift; path = JoinView.swift; sourceTree = "<group>"; };
		A1011033AABBCCDDEEFF0033 /* JoinViewModel.swift */ = {isa = PBXFileReference; lastKnownFileType = sourcecode.swift; path = JoinViewModel.swift; sourceTree = "<group>"; };
		A1011034AABBCCDDEEFF0034 /* JoinUiState.swift */ = {isa = PBXFileReference; lastKnownFileType = sourcecode.swift; path = JoinUiState.swift; sourceTree = "<group>"; };
		A1011035AABBCCDDEEFF0035 /* JoinAction.swift */ = {isa = PBXFileReference; lastKnownFileType = sourcecode.swift; path = JoinAction.swift; sourceTree = "<group>"; };
		A1011036AABBCCDDEEFF0036 /* JoinEvent.swift */ = {isa = PBXFileReference; lastKnownFileType = sourcecode.swift; path = JoinEvent.swift; sourceTree = "<group>"; };
		A1011037AABBCCDDEEFF0037 /* WaitingView.swift */ = {isa = PBXFileReference; lastKnownFileType = sourcecode.swift; path = WaitingView.swift; sourceTree = "<group>"; };
		A1011038AABBCCDDEEFF0038 /* WaitingViewModel.swift */ = {isa = PBXFileReference; lastKnownFileType = sourcecode.swift; path = WaitingViewModel.swift; sourceTree = "<group>"; };
		A1011039AABBCCDDEEFF0039 /* WaitingUiState.swift */ = {isa = PBXFileReference; lastKnownFileType = sourcecode.swift; path = WaitingUiState.swift; sourceTree = "<group>"; };
		A1011040AABBCCDDEEFF0040 /* WaitingAction.swift */ = {isa = PBXFileReference; lastKnownFileType = sourcecode.swift; path = WaitingAction.swift; sourceTree = "<group>"; };
		A1011041AABBCCDDEEFF0041 /* WaitingEvent.swift */ = {isa = PBXFileReference; lastKnownFileType = sourcecode.swift; path = WaitingEvent.swift; sourceTree = "<group>"; };
		A1011042AABBCCDDEEFF0042 /* PlayView.swift */ = {isa = PBXFileReference; lastKnownFileType = sourcecode.swift; path = PlayView.swift; sourceTree = "<group>"; };
		A1011067AABBCCDDEEFF0067 /* VoiceHintPlayerView.swift */ = {isa = PBXFileReference; lastKnownFileType = sourcecode.swift; path = VoiceHintPlayerView.swift; sourceTree = "<group>"; };
		A1011043AABBCCDDEEFF0043 /* PlayViewModel.swift */ = {isa = PBXFileReference; lastKnownFileType = sourcecode.swift; path = PlayViewModel.swift; sourceTree = "<group>"; };
		A1011044AABBCCDDEEFF0044 /* PlayUiState.swift */ = {isa = PBXFileReference; lastKnownFileType = sourcecode.swift; path = PlayUiState.swift; sourceTree = "<group>"; };
		A1011045AABBCCDDEEFF0045 /* PlayAction.swift */ = {isa = PBXFileReference; lastKnownFileType = sourcecode.swift; path = PlayAction.swift; sourceTree = "<group>"; };
		A1011046AABBCCDDEEFF0046 /* PlayEvent.swift */ = {isa = PBXFileReference; lastKnownFileType = sourcecode.swift; path = PlayEvent.swift; sourceTree = "<group>"; };
		A1011047AABBCCDDEEFF0047 /* ResultView.swift */ = {isa = PBXFileReference; lastKnownFileType = sourcecode.swift; path = ResultView.swift; sourceTree = "<group>"; };
		A1011068AABBCCDDEEFF0068 /* FeedbackSectionView.swift */ = {isa = PBXFileReference; lastKnownFileType = sourcecode.swift; path = FeedbackSectionView.swift; sourceTree = "<group>"; };
		A1011069AABBCCDDEEFF0069 /* SignupPromptSectionView.swift */ = {isa = PBXFileReference; lastKnownFileType = sourcecode.swift; path = SignupPromptSectionView.swift; sourceTree = "<group>"; };
		A1011048AABBCCDDEEFF0048 /* ResultViewModel.swift */ = {isa = PBXFileReference; lastKnownFileType = sourcecode.swift; path = ResultViewModel.swift; sourceTree = "<group>"; };
		A1011049AABBCCDDEEFF0049 /* ResultUiState.swift */ = {isa = PBXFileReference; lastKnownFileType = sourcecode.swift; path = ResultUiState.swift; sourceTree = "<group>"; };
		A1011050AABBCCDDEEFF0050 /* ResultAction.swift */ = {isa = PBXFileReference; lastKnownFileType = sourcecode.swift; path = ResultAction.swift; sourceTree = "<group>"; };
		A1011051AABBCCDDEEFF0051 /* ResultEvent.swift */ = {isa = PBXFileReference; lastKnownFileType = sourcecode.swift; path = ResultEvent.swift; sourceTree = "<group>"; };
		A1011052AABBCCDDEEFF0052 /* JoinedRoomsView.swift */ = {isa = PBXFileReference; lastKnownFileType = sourcecode.swift; path = JoinedRoomsView.swift; sourceTree = "<group>"; };
		A1011053AABBCCDDEEFF0053 /* JoinedRoomsViewModel.swift */ = {isa = PBXFileReference; lastKnownFileType = sourcecode.swift; path = JoinedRoomsViewModel.swift; sourceTree = "<group>"; };
		A1011054AABBCCDDEEFF0054 /* JoinedRoomsUiState.swift */ = {isa = PBXFileReference; lastKnownFileType = sourcecode.swift; path = JoinedRoomsUiState.swift; sourceTree = "<group>"; };
		A1011055AABBCCDDEEFF0055 /* JoinedRoomsAction.swift */ = {isa = PBXFileReference; lastKnownFileType = sourcecode.swift; path = JoinedRoomsAction.swift; sourceTree = "<group>"; };
		A1011056AABBCCDDEEFF0056 /* JoinedRoomsEvent.swift */ = {isa = PBXFileReference; lastKnownFileType = sourcecode.swift; path = JoinedRoomsEvent.swift; sourceTree = "<group>"; };
		A1011057AABBCCDDEEFF0057 /* PaymentView.swift */ = {isa = PBXFileReference; lastKnownFileType = sourcecode.swift; path = PaymentView.swift; sourceTree = "<group>"; };
		A1011058AABBCCDDEEFF0058 /* PaymentViewModel.swift */ = {isa = PBXFileReference; lastKnownFileType = sourcecode.swift; path = PaymentViewModel.swift; sourceTree = "<group>"; };
		A1011059AABBCCDDEEFF0059 /* PaymentUiState.swift */ = {isa = PBXFileReference; lastKnownFileType = sourcecode.swift; path = PaymentUiState.swift; sourceTree = "<group>"; };
		A1011060AABBCCDDEEFF0060 /* PaymentAction.swift */ = {isa = PBXFileReference; lastKnownFileType = sourcecode.swift; path = PaymentAction.swift; sourceTree = "<group>"; };
		A1011061AABBCCDDEEFF0061 /* PaymentEvent.swift */ = {isa = PBXFileReference; lastKnownFileType = sourcecode.swift; path = PaymentEvent.swift; sourceTree = "<group>"; };
		A1011062AABBCCDDEEFF0062 /* Route.swift */ = {isa = PBXFileReference; lastKnownFileType = sourcecode.swift; path = Route.swift; sourceTree = "<group>"; };
		A1011063AABBCCDDEEFF0063 /* PassmateColors.swift */ = {isa = PBXFileReference; lastKnownFileType = sourcecode.swift; path = PassmateColors.swift; sourceTree = "<group>"; };
		A1011064AABBCCDDEEFF0064 /* PassmateCard.swift */ = {isa = PBXFileReference; lastKnownFileType = sourcecode.swift; path = PassmateCard.swift; sourceTree = "<group>"; };
		A101100070AABBCCDDEEFF0070 /* StarRatingView.swift */ = {isa = PBXFileReference; lastKnownFileType = sourcecode.swift; path = StarRatingView.swift; sourceTree = "<group>"; };
		A101100073AABBCCDDEEFF0073 /* PortOnePaymentView.swift */ = {isa = PBXFileReference; lastKnownFileType = sourcecode.swift; path = PortOnePaymentView.swift; sourceTree = "<group>"; };
		A101100074AABBCCDDEEFF0074 /* RoomListUiState.swift */ = {isa = PBXFileReference; lastKnownFileType = sourcecode.swift; path = RoomListUiState.swift; sourceTree = "<group>"; };
		A101100075AABBCCDDEEFF0075 /* RoomListAction.swift */ = {isa = PBXFileReference; lastKnownFileType = sourcecode.swift; path = RoomListAction.swift; sourceTree = "<group>"; };
		A101100076AABBCCDDEEFF0076 /* RoomListEvent.swift */ = {isa = PBXFileReference; lastKnownFileType = sourcecode.swift; path = RoomListEvent.swift; sourceTree = "<group>"; };
		A101100077AABBCCDDEEFF0077 /* RoomListViewModel.swift */ = {isa = PBXFileReference; lastKnownFileType = sourcecode.swift; path = RoomListViewModel.swift; sourceTree = "<group>"; };
		A101100078AABBCCDDEEFF0078 /* RoomListView.swift */ = {isa = PBXFileReference; lastKnownFileType = sourcecode.swift; path = RoomListView.swift; sourceTree = "<group>"; };
		A101100079AABBCCDDEEFF0079 /* CoinHistoryUiState.swift */ = {isa = PBXFileReference; lastKnownFileType = sourcecode.swift; path = CoinHistoryUiState.swift; sourceTree = "<group>"; };
		A101100080AABBCCDDEEFF0080 /* CoinHistoryAction.swift */ = {isa = PBXFileReference; lastKnownFileType = sourcecode.swift; path = CoinHistoryAction.swift; sourceTree = "<group>"; };
		A101100081AABBCCDDEEFF0081 /* CoinHistoryEvent.swift */ = {isa = PBXFileReference; lastKnownFileType = sourcecode.swift; path = CoinHistoryEvent.swift; sourceTree = "<group>"; };
		A101100082AABBCCDDEEFF0082 /* CoinHistoryViewModel.swift */ = {isa = PBXFileReference; lastKnownFileType = sourcecode.swift; path = CoinHistoryViewModel.swift; sourceTree = "<group>"; };
		A101100083AABBCCDDEEFF0083 /* CoinHistoryView.swift */ = {isa = PBXFileReference; lastKnownFileType = sourcecode.swift; path = CoinHistoryView.swift; sourceTree = "<group>"; };
		A1011000159AABBCCDDEEFF0159 /* CoinChargeUiState.swift */ = {isa = PBXFileReference; lastKnownFileType = sourcecode.swift; path = CoinChargeUiState.swift; sourceTree = "<group>"; };
		A1011000160AABBCCDDEEFF0160 /* CoinChargeAction.swift */ = {isa = PBXFileReference; lastKnownFileType = sourcecode.swift; path = CoinChargeAction.swift; sourceTree = "<group>"; };
		A1011000161AABBCCDDEEFF0161 /* CoinChargeEvent.swift */ = {isa = PBXFileReference; lastKnownFileType = sourcecode.swift; path = CoinChargeEvent.swift; sourceTree = "<group>"; };
		A1011000162AABBCCDDEEFF0162 /* CoinChargeViewModel.swift */ = {isa = PBXFileReference; lastKnownFileType = sourcecode.swift; path = CoinChargeViewModel.swift; sourceTree = "<group>"; };
		A1011000163AABBCCDDEEFF0163 /* CoinChargeView.swift */ = {isa = PBXFileReference; lastKnownFileType = sourcecode.swift; path = CoinChargeView.swift; sourceTree = "<group>"; };
		A101100084AABBCCDDEEFF0084 /* ReputationUiState.swift */ = {isa = PBXFileReference; lastKnownFileType = sourcecode.swift; path = ReputationUiState.swift; sourceTree = "<group>"; };
		A101100085AABBCCDDEEFF0085 /* ReputationAction.swift */ = {isa = PBXFileReference; lastKnownFileType = sourcecode.swift; path = ReputationAction.swift; sourceTree = "<group>"; };
		A101100086AABBCCDDEEFF0086 /* ReputationEvent.swift */ = {isa = PBXFileReference; lastKnownFileType = sourcecode.swift; path = ReputationEvent.swift; sourceTree = "<group>"; };
		A101100087AABBCCDDEEFF0087 /* ReputationViewModel.swift */ = {isa = PBXFileReference; lastKnownFileType = sourcecode.swift; path = ReputationViewModel.swift; sourceTree = "<group>"; };
		A101100088AABBCCDDEEFF0088 /* ReputationView.swift */ = {isa = PBXFileReference; lastKnownFileType = sourcecode.swift; path = ReputationView.swift; sourceTree = "<group>"; };
		A101100089AABBCCDDEEFF0089 /* HostProfileUiState.swift */ = {isa = PBXFileReference; lastKnownFileType = sourcecode.swift; path = HostProfileUiState.swift; sourceTree = "<group>"; };
		A101100090AABBCCDDEEFF0090 /* HostProfileAction.swift */ = {isa = PBXFileReference; lastKnownFileType = sourcecode.swift; path = HostProfileAction.swift; sourceTree = "<group>"; };
		A101100091AABBCCDDEEFF0091 /* HostProfileEvent.swift */ = {isa = PBXFileReference; lastKnownFileType = sourcecode.swift; path = HostProfileEvent.swift; sourceTree = "<group>"; };
		A101100092AABBCCDDEEFF0092 /* HostProfileViewModel.swift */ = {isa = PBXFileReference; lastKnownFileType = sourcecode.swift; path = HostProfileViewModel.swift; sourceTree = "<group>"; };
		A101100093AABBCCDDEEFF0093 /* HostProfileSheetView.swift */ = {isa = PBXFileReference; lastKnownFileType = sourcecode.swift; path = HostProfileSheetView.swift; sourceTree = "<group>"; };
		A101100094AABBCCDDEEFF0094 /* HostedRoomsUiState.swift */ = {isa = PBXFileReference; lastKnownFileType = sourcecode.swift; path = HostedRoomsUiState.swift; sourceTree = "<group>"; };
		A101100095AABBCCDDEEFF0095 /* HostedRoomsAction.swift */ = {isa = PBXFileReference; lastKnownFileType = sourcecode.swift; path = HostedRoomsAction.swift; sourceTree = "<group>"; };
		A101100096AABBCCDDEEFF0096 /* HostedRoomsEvent.swift */ = {isa = PBXFileReference; lastKnownFileType = sourcecode.swift; path = HostedRoomsEvent.swift; sourceTree = "<group>"; };
		A101100097AABBCCDDEEFF0097 /* HostedRoomsViewModel.swift */ = {isa = PBXFileReference; lastKnownFileType = sourcecode.swift; path = HostedRoomsViewModel.swift; sourceTree = "<group>"; };
		A101100098AABBCCDDEEFF0098 /* HostedRoomsView.swift */ = {isa = PBXFileReference; lastKnownFileType = sourcecode.swift; path = HostedRoomsView.swift; sourceTree = "<group>"; };
		A101100099AABBCCDDEEFF0099 /* CreateRoomUiState.swift */ = {isa = PBXFileReference; lastKnownFileType = sourcecode.swift; path = CreateRoomUiState.swift; sourceTree = "<group>"; };
		A101100100AABBCCDDEEFF0100 /* CreateRoomAction.swift */ = {isa = PBXFileReference; lastKnownFileType = sourcecode.swift; path = CreateRoomAction.swift; sourceTree = "<group>"; };
		A101100101AABBCCDDEEFF0101 /* CreateRoomEvent.swift */ = {isa = PBXFileReference; lastKnownFileType = sourcecode.swift; path = CreateRoomEvent.swift; sourceTree = "<group>"; };
		A101100102AABBCCDDEEFF0102 /* CreateRoomViewModel.swift */ = {isa = PBXFileReference; lastKnownFileType = sourcecode.swift; path = CreateRoomViewModel.swift; sourceTree = "<group>"; };
		A101100103AABBCCDDEEFF0103 /* CreateRoomSheetView.swift */ = {isa = PBXFileReference; lastKnownFileType = sourcecode.swift; path = CreateRoomSheetView.swift; sourceTree = "<group>"; };
		A101100104AABBCCDDEEFF0104 /* RoomReportUiState.swift */ = {isa = PBXFileReference; lastKnownFileType = sourcecode.swift; path = RoomReportUiState.swift; sourceTree = "<group>"; };
		A101100105AABBCCDDEEFF0105 /* RoomReportAction.swift */ = {isa = PBXFileReference; lastKnownFileType = sourcecode.swift; path = RoomReportAction.swift; sourceTree = "<group>"; };
		A101100106AABBCCDDEEFF0106 /* RoomReportEvent.swift */ = {isa = PBXFileReference; lastKnownFileType = sourcecode.swift; path = RoomReportEvent.swift; sourceTree = "<group>"; };
		A101100107AABBCCDDEEFF0107 /* RoomReportViewModel.swift */ = {isa = PBXFileReference; lastKnownFileType = sourcecode.swift; path = RoomReportViewModel.swift; sourceTree = "<group>"; };
		A101100108AABBCCDDEEFF0108 /* RoomReportView.swift */ = {isa = PBXFileReference; lastKnownFileType = sourcecode.swift; path = RoomReportView.swift; sourceTree = "<group>"; };
		A101100109AABBCCDDEEFF0109 /* SessionControlUiState.swift */ = {isa = PBXFileReference; lastKnownFileType = sourcecode.swift; path = SessionControlUiState.swift; sourceTree = "<group>"; };
		A101100110AABBCCDDEEFF0110 /* SessionControlAction.swift */ = {isa = PBXFileReference; lastKnownFileType = sourcecode.swift; path = SessionControlAction.swift; sourceTree = "<group>"; };
		A101100111AABBCCDDEEFF0111 /* SessionControlEvent.swift */ = {isa = PBXFileReference; lastKnownFileType = sourcecode.swift; path = SessionControlEvent.swift; sourceTree = "<group>"; };
		A101100112AABBCCDDEEFF0112 /* SessionControlViewModel.swift */ = {isa = PBXFileReference; lastKnownFileType = sourcecode.swift; path = SessionControlViewModel.swift; sourceTree = "<group>"; };
		A101100113AABBCCDDEEFF0113 /* SessionControlView.swift */ = {isa = PBXFileReference; lastKnownFileType = sourcecode.swift; path = SessionControlView.swift; sourceTree = "<group>"; };
		A1011001114AABBCCDDEEFF0114 /* EarningsUiState.swift */ = {isa = PBXFileReference; lastKnownFileType = sourcecode.swift; path = EarningsUiState.swift; sourceTree = "<group>"; };
		A1011001115AABBCCDDEEFF0115 /* EarningsAction.swift */ = {isa = PBXFileReference; lastKnownFileType = sourcecode.swift; path = EarningsAction.swift; sourceTree = "<group>"; };
		A1011001116AABBCCDDEEFF0116 /* EarningsEvent.swift */ = {isa = PBXFileReference; lastKnownFileType = sourcecode.swift; path = EarningsEvent.swift; sourceTree = "<group>"; };
		A1011001117AABBCCDDEEFF0117 /* EarningsViewModel.swift */ = {isa = PBXFileReference; lastKnownFileType = sourcecode.swift; path = EarningsViewModel.swift; sourceTree = "<group>"; };
		A1011001118AABBCCDDEEFF0118 /* EarningsView.swift */ = {isa = PBXFileReference; lastKnownFileType = sourcecode.swift; path = EarningsView.swift; sourceTree = "<group>"; };
		A1011001119AABBCCDDEEFF0119 /* SettlementAccountUiState.swift */ = {isa = PBXFileReference; lastKnownFileType = sourcecode.swift; path = SettlementAccountUiState.swift; sourceTree = "<group>"; };
		A1011001120AABBCCDDEEFF0120 /* SettlementAccountAction.swift */ = {isa = PBXFileReference; lastKnownFileType = sourcecode.swift; path = SettlementAccountAction.swift; sourceTree = "<group>"; };
		A1011001121AABBCCDDEEFF0121 /* SettlementAccountEvent.swift */ = {isa = PBXFileReference; lastKnownFileType = sourcecode.swift; path = SettlementAccountEvent.swift; sourceTree = "<group>"; };
		A1011001122AABBCCDDEEFF0122 /* SettlementAccountViewModel.swift */ = {isa = PBXFileReference; lastKnownFileType = sourcecode.swift; path = SettlementAccountViewModel.swift; sourceTree = "<group>"; };
		A1011001123AABBCCDDEEFF0123 /* SettlementAccountView.swift */ = {isa = PBXFileReference; lastKnownFileType = sourcecode.swift; path = SettlementAccountView.swift; sourceTree = "<group>"; };
		A1011001124AABBCCDDEEFF0124 /* VoiceHintRecorder.swift */ = {isa = PBXFileReference; lastKnownFileType = sourcecode.swift; path = VoiceHintRecorder.swift; sourceTree = "<group>"; };
		A1011001125AABBCCDDEEFF0125 /* MyInfoUiState.swift */ = {isa = PBXFileReference; lastKnownFileType = sourcecode.swift; path = MyInfoUiState.swift; sourceTree = "<group>"; };
		A1011001126AABBCCDDEEFF0126 /* MyInfoAction.swift */ = {isa = PBXFileReference; lastKnownFileType = sourcecode.swift; path = MyInfoAction.swift; sourceTree = "<group>"; };
		A1011001127AABBCCDDEEFF0127 /* MyInfoEvent.swift */ = {isa = PBXFileReference; lastKnownFileType = sourcecode.swift; path = MyInfoEvent.swift; sourceTree = "<group>"; };
		A1011001128AABBCCDDEEFF0128 /* MyInfoViewModel.swift */ = {isa = PBXFileReference; lastKnownFileType = sourcecode.swift; path = MyInfoViewModel.swift; sourceTree = "<group>"; };
		A1011001129AABBCCDDEEFF0129 /* MyInfoView.swift */ = {isa = PBXFileReference; lastKnownFileType = sourcecode.swift; path = MyInfoView.swift; sourceTree = "<group>"; };
		A1011001130AABBCCDDEEFF0130 /* EditProfileUiState.swift */ = {isa = PBXFileReference; lastKnownFileType = sourcecode.swift; path = EditProfileUiState.swift; sourceTree = "<group>"; };
		A1011001131AABBCCDDEEFF0131 /* EditProfileAction.swift */ = {isa = PBXFileReference; lastKnownFileType = sourcecode.swift; path = EditProfileAction.swift; sourceTree = "<group>"; };
		A1011001132AABBCCDDEEFF0132 /* EditProfileEvent.swift */ = {isa = PBXFileReference; lastKnownFileType = sourcecode.swift; path = EditProfileEvent.swift; sourceTree = "<group>"; };
		A1011001133AABBCCDDEEFF0133 /* EditProfileViewModel.swift */ = {isa = PBXFileReference; lastKnownFileType = sourcecode.swift; path = EditProfileViewModel.swift; sourceTree = "<group>"; };
		A1011001134AABBCCDDEEFF0134 /* EditProfileView.swift */ = {isa = PBXFileReference; lastKnownFileType = sourcecode.swift; path = EditProfileView.swift; sourceTree = "<group>"; };
		A1011001135AABBCCDDEEFF0135 /* NotificationSettingsUiState.swift */ = {isa = PBXFileReference; lastKnownFileType = sourcecode.swift; path = NotificationSettingsUiState.swift; sourceTree = "<group>"; };
		A1011001136AABBCCDDEEFF0136 /* NotificationSettingsAction.swift */ = {isa = PBXFileReference; lastKnownFileType = sourcecode.swift; path = NotificationSettingsAction.swift; sourceTree = "<group>"; };
		A1011001137AABBCCDDEEFF0137 /* NotificationSettingsEvent.swift */ = {isa = PBXFileReference; lastKnownFileType = sourcecode.swift; path = NotificationSettingsEvent.swift; sourceTree = "<group>"; };
		A1011001138AABBCCDDEEFF0138 /* NotificationSettingsViewModel.swift */ = {isa = PBXFileReference; lastKnownFileType = sourcecode.swift; path = NotificationSettingsViewModel.swift; sourceTree = "<group>"; };
		A1011001139AABBCCDDEEFF0139 /* NotificationSettingsView.swift */ = {isa = PBXFileReference; lastKnownFileType = sourcecode.swift; path = NotificationSettingsView.swift; sourceTree = "<group>"; };
		A1011001140AABBCCDDEEFF0140 /* PaymentMethodUiState.swift */ = {isa = PBXFileReference; lastKnownFileType = sourcecode.swift; path = PaymentMethodUiState.swift; sourceTree = "<group>"; };
		A1011001141AABBCCDDEEFF0141 /* PaymentMethodAction.swift */ = {isa = PBXFileReference; lastKnownFileType = sourcecode.swift; path = PaymentMethodAction.swift; sourceTree = "<group>"; };
		A1011001142AABBCCDDEEFF0142 /* PaymentMethodEvent.swift */ = {isa = PBXFileReference; lastKnownFileType = sourcecode.swift; path = PaymentMethodEvent.swift; sourceTree = "<group>"; };
		A1011001143AABBCCDDEEFF0143 /* PaymentMethodViewModel.swift */ = {isa = PBXFileReference; lastKnownFileType = sourcecode.swift; path = PaymentMethodViewModel.swift; sourceTree = "<group>"; };
		A1011001144AABBCCDDEEFF0144 /* PaymentMethodView.swift */ = {isa = PBXFileReference; lastKnownFileType = sourcecode.swift; path = PaymentMethodView.swift; sourceTree = "<group>"; };
		A1011001145AABBCCDDEEFF0145 /* AppTab.swift */ = {isa = PBXFileReference; lastKnownFileType = sourcecode.swift; path = AppTab.swift; sourceTree = "<group>"; };
		A1011001146AABBCCDDEEFF0146 /* AppShellUiState.swift */ = {isa = PBXFileReference; lastKnownFileType = sourcecode.swift; path = AppShellUiState.swift; sourceTree = "<group>"; };
		A1011001147AABBCCDDEEFF0147 /* AppShellAction.swift */ = {isa = PBXFileReference; lastKnownFileType = sourcecode.swift; path = AppShellAction.swift; sourceTree = "<group>"; };
		A1011001148AABBCCDDEEFF0148 /* AppShellEvent.swift */ = {isa = PBXFileReference; lastKnownFileType = sourcecode.swift; path = AppShellEvent.swift; sourceTree = "<group>"; };
		A1011001149AABBCCDDEEFF0149 /* AppShellViewModel.swift */ = {isa = PBXFileReference; lastKnownFileType = sourcecode.swift; path = AppShellViewModel.swift; sourceTree = "<group>"; };
		A1011000164AABBCCDDEEFF0164 /* DeleteAccountUiState.swift */ = {isa = PBXFileReference; lastKnownFileType = sourcecode.swift; path = DeleteAccountUiState.swift; sourceTree = "<group>"; };
		A1011000165AABBCCDDEEFF0165 /* DeleteAccountAction.swift */ = {isa = PBXFileReference; lastKnownFileType = sourcecode.swift; path = DeleteAccountAction.swift; sourceTree = "<group>"; };
		A1011000166AABBCCDDEEFF0166 /* DeleteAccountEvent.swift */ = {isa = PBXFileReference; lastKnownFileType = sourcecode.swift; path = DeleteAccountEvent.swift; sourceTree = "<group>"; };
		A1011000167AABBCCDDEEFF0167 /* DeleteAccountViewModel.swift */ = {isa = PBXFileReference; lastKnownFileType = sourcecode.swift; path = DeleteAccountViewModel.swift; sourceTree = "<group>"; };
		A1011000168AABBCCDDEE9000 /* CharacterEditAction.swift */ = {isa = PBXFileReference; lastKnownFileType = sourcecode.swift; path = CharacterEditAction.swift; sourceTree = "<group>"; };
		A1011000168AABBCCDDEE9001 /* CharacterEditEvent.swift */ = {isa = PBXFileReference; lastKnownFileType = sourcecode.swift; path = CharacterEditEvent.swift; sourceTree = "<group>"; };
		A1011000168AABBCCDDEE9002 /* CharacterEditUiState.swift */ = {isa = PBXFileReference; lastKnownFileType = sourcecode.swift; path = CharacterEditUiState.swift; sourceTree = "<group>"; };
		A1011000168AABBCCDDEE9003 /* CharacterEditViewModel.swift */ = {isa = PBXFileReference; lastKnownFileType = sourcecode.swift; path = CharacterEditViewModel.swift; sourceTree = "<group>"; };
		A1011000168AABBCCDDEE9004 /* CharacterEditView.swift */ = {isa = PBXFileReference; lastKnownFileType = sourcecode.swift; path = CharacterEditView.swift; sourceTree = "<group>"; };
		A1011000168AABBCCDDEEFF0168 /* DeleteAccountView.swift */ = {isa = PBXFileReference; lastKnownFileType = sourcecode.swift; path = DeleteAccountView.swift; sourceTree = "<group>"; };
		A1011000171AABBCCDDEEFF0171 /* PassmateBackButton.swift */ = {isa = PBXFileReference; lastKnownFileType = sourcecode.swift; path = PassmateBackButton.swift; sourceTree = "<group>"; };
		A1011000172AABBCCDDEEFF0172 /* PassmateSplashView.swift */ = {isa = PBXFileReference; lastKnownFileType = sourcecode.swift; path = PassmateSplashView.swift; sourceTree = "<group>"; };
		A1011001155AABBCCDDEEFF0155 /* RouteStackLevel.swift */ = {isa = PBXFileReference; lastKnownFileType = sourcecode.swift; path = RouteStackLevel.swift; sourceTree = "<group>"; };
		A1011001156AABBCCDDEEFF0156 /* FlowLayout.swift */ = {isa = PBXFileReference; lastKnownFileType = sourcecode.swift; path = FlowLayout.swift; sourceTree = "<group>"; };
		A1011001157AABBCCDDEEFF0157 /* WeakTopicsRow.swift */ = {isa = PBXFileReference; lastKnownFileType = sourcecode.swift; path = WeakTopicsRow.swift; sourceTree = "<group>"; };
		A1011001160AABBCCDDEEFF0160 /* PassmateEmptyStateView.swift */ = {isa = PBXFileReference; lastKnownFileType = sourcecode.swift; path = PassmateEmptyStateView.swift; sourceTree = "<group>"; };
		A1011001159AABBCCDDEEFF0159 /* PassmateIconView.swift */ = {isa = PBXFileReference; lastKnownFileType = sourcecode.swift; path = PassmateIconView.swift; sourceTree = "<group>"; };
		A1011000168AABBCCDDEE9100 /* PassmateTimerBar.swift */ = {isa = PBXFileReference; lastKnownFileType = sourcecode.swift; path = PassmateTimerBar.swift; sourceTree = "<group>"; };
		A1011002201AABBCCDDEEFF0201 /* PassmateBottomTabBar.swift */ = {isa = PBXFileReference; lastKnownFileType = sourcecode.swift; path = PassmateBottomTabBar.swift; sourceTree = "<group>"; };
		A1011002201AABBCCDDEEFF0301 /* PassmateSkeletonView.swift */ = {isa = PBXFileReference; lastKnownFileType = sourcecode.swift; path = PassmateSkeletonView.swift; sourceTree = "<group>"; };
		A1011002202AABBCCDDEEFF0202 /* NativeTabBarHidden.swift */ = {isa = PBXFileReference; lastKnownFileType = sourcecode.swift; path = NativeTabBarHidden.swift; sourceTree = "<group>"; };
		A1011001158AABBCCDDEEFF0158 /* SheetDetents.swift */ = {isa = PBXFileReference; lastKnownFileType = sourcecode.swift; path = SheetDetents.swift; sourceTree = "<group>"; };
		A1011000169AABBCCDDEEFF0169 /* PassmateIcons.swift */ = {isa = PBXFileReference; lastKnownFileType = sourcecode.swift; path = PassmateIcons.swift; sourceTree = "<group>"; };
		A1011000170AABBCCDDEEFF0170 /* PassmateIconView.swift */ = {isa = PBXFileReference; lastKnownFileType = sourcecode.swift; path = PassmateIconView.swift; sourceTree = "<group>"; };
		A101100071AABBCCDDEEFF0071 /* RatingSectionView.swift */ = {isa = PBXFileReference; lastKnownFileType = sourcecode.swift; path = RatingSectionView.swift; sourceTree = "<group>"; };
		A101100072AABBCCDDEEFF0072 /* RoomInfoCardView.swift */ = {isa = PBXFileReference; lastKnownFileType = sourcecode.swift; path = RoomInfoCardView.swift; sourceTree = "<group>"; };
		A1011065AABBCCDDEEFF0065 /* StudentAvatar.swift */ = {isa = PBXFileReference; lastKnownFileType = sourcecode.swift; path = StudentAvatar.swift; sourceTree = "<group>"; };
		A1011066AABBCCDDEEFF0066 /* PassyMascot.swift */ = {isa = PBXFileReference; lastKnownFileType = sourcecode.swift; path = PassyMascot.swift; sourceTree = "<group>"; };
/* End PBXFileReference section */

/* Begin PBXFrameworksBuildPhase section */
		4C1D180E998DC1DFE4B2A6C8 /* Frameworks */ = {
			isa = PBXFrameworksBuildPhase;
			buildActionMask = 2147483647;
			files = (
			);
			runOnlyForDeploymentPostprocessing = 0;
		};
/* End PBXFrameworksBuildPhase section */

/* Begin PBXGroup section */
		1030E2EB8EFBD5F27A20D64D /* iosApp */ = {
			isa = PBXGroup;
			children = (
				A1011001AABBCCDDEEFF0001 /* ContentView.swift */,
				A1011002AABBCCDDEEFF0002 /* iOSApp.swift */,
				A1012010AABBCCDDEEFF0010 /* ui */,
				A1012019AABBCCDDEEFF0019 /* navigation */,
				A1012020AABBCCDDEEFF0020 /* theme */,
				A1012021AABBCCDDEEFF0021 /* component */,
				A1011004AABBCCDDEEFF0004 /* Assets.xcassets */,
				A1011006AABBCCDDEEFF0006 /* Info.plist */,
				A1012000AABBCCDDEEFF0000 /* Preview Content */,
			);
			path = iosApp;
			sourceTree = "<group>";
		};
		7332ACCB08708982CBFABD2D /* Products */ = {
			isa = PBXGroup;
			children = (
				FEA9D4AD37B8EF9BE110840A /* Passmate.app */,
			);
			name = Products;
			sourceTree = "<group>";
		};
		A1012000AABBCCDDEEFF0000 /* Preview Content */ = {
			isa = PBXGroup;
			children = (
				A1011005AABBCCDDEEFF0005 /* Preview Assets.xcassets */,
			);
			path = "Preview Content";
			sourceTree = "<group>";
		};
		C98E98B4AE0F51EAF578C098 /* Configuration */ = {
			isa = PBXGroup;
			children = (
				A1011000AABBCCDDEEFF0000 /* Config.xcconfig */,
			);
			path = Configuration;
			sourceTree = "<group>";
		};
		FBFDA0ED57CE363227DB6AC1 = {
			isa = PBXGroup;
			children = (
				C98E98B4AE0F51EAF578C098 /* Configuration */,
				1030E2EB8EFBD5F27A20D64D /* iosApp */,
				7332ACCB08708982CBFABD2D /* Products */,
			);
			sourceTree = "<group>";
		};
		A1012010AABBCCDDEEFF0010 /* ui */ = {
			isa = PBXGroup;
			children = (
				A1012011AABBCCDDEEFF0011 /* home */,
				A1012012AABBCCDDEEFF0012 /* auth */,
				A1012013AABBCCDDEEFF0013 /* join */,
				A1012014AABBCCDDEEFF0014 /* waiting */,
				A1012015AABBCCDDEEFF0015 /* play */,
				A1012016AABBCCDDEEFF0016 /* result */,
				A1012017AABBCCDDEEFF0017 /* mypage */,
				A1012018AABBCCDDEEFF0018 /* payment */,
				A1012022AABBCCDDEEFF0022 /* profile */,
				A1012023AABBCCDDEEFF0023 /* hostroom */,
			);
			path = ui;
			sourceTree = "<group>";
		};
		A1012011AABBCCDDEEFF0011 /* home */ = {
			isa = PBXGroup;
			children = (
				A101100074AABBCCDDEEFF0074 /* RoomListUiState.swift */,
				A101100075AABBCCDDEEFF0075 /* RoomListAction.swift */,
				A101100076AABBCCDDEEFF0076 /* RoomListEvent.swift */,
				A101100077AABBCCDDEEFF0077 /* RoomListViewModel.swift */,
				A101100078AABBCCDDEEFF0078 /* RoomListView.swift */,
			);
			path = home;
			sourceTree = "<group>";
		};
		A1012012AABBCCDDEEFF0012 /* auth */ = {
			isa = PBXGroup;
			children = (
				A1011027AABBCCDDEEFF0027 /* SignInView.swift */,
				A1011028AABBCCDDEEFF0028 /* SignInViewModel.swift */,
				A1011029AABBCCDDEEFF0029 /* SignInUiState.swift */,
				A1011030AABBCCDDEEFF0030 /* SignInAction.swift */,
				A1011031AABBCCDDEEFF0031 /* SignInEvent.swift */,
			);
			path = auth;
			sourceTree = "<group>";
		};
		A1012013AABBCCDDEEFF0013 /* join */ = {
			isa = PBXGroup;
			children = (
				A1011032AABBCCDDEEFF0032 /* JoinView.swift */,
				A101100072AABBCCDDEEFF0072 /* RoomInfoCardView.swift */,
				A1011033AABBCCDDEEFF0033 /* JoinViewModel.swift */,
				A1011034AABBCCDDEEFF0034 /* JoinUiState.swift */,
				A1011035AABBCCDDEEFF0035 /* JoinAction.swift */,
				A1011036AABBCCDDEEFF0036 /* JoinEvent.swift */,
			);
			path = join;
			sourceTree = "<group>";
		};
		A1012014AABBCCDDEEFF0014 /* waiting */ = {
			isa = PBXGroup;
			children = (
				A1011037AABBCCDDEEFF0037 /* WaitingView.swift */,
				A1011038AABBCCDDEEFF0038 /* WaitingViewModel.swift */,
				A1011039AABBCCDDEEFF0039 /* WaitingUiState.swift */,
				A1011040AABBCCDDEEFF0040 /* WaitingAction.swift */,
				A1011041AABBCCDDEEFF0041 /* WaitingEvent.swift */,
			);
			path = waiting;
			sourceTree = "<group>";
		};
		A1012015AABBCCDDEEFF0015 /* play */ = {
			isa = PBXGroup;
			children = (
				A1011042AABBCCDDEEFF0042 /* PlayView.swift */,
				A1011067AABBCCDDEEFF0067 /* VoiceHintPlayerView.swift */,
				A1011043AABBCCDDEEFF0043 /* PlayViewModel.swift */,
				A1011044AABBCCDDEEFF0044 /* PlayUiState.swift */,
				A1011045AABBCCDDEEFF0045 /* PlayAction.swift */,
				A1011046AABBCCDDEEFF0046 /* PlayEvent.swift */,
			);
			path = play;
			sourceTree = "<group>";
		};
		A1012016AABBCCDDEEFF0016 /* result */ = {
			isa = PBXGroup;
			children = (
				A1011047AABBCCDDEEFF0047 /* ResultView.swift */,
				A1011068AABBCCDDEEFF0068 /* FeedbackSectionView.swift */,
				A1011069AABBCCDDEEFF0069 /* SignupPromptSectionView.swift */,
				A101100071AABBCCDDEEFF0071 /* RatingSectionView.swift */,
				A1011048AABBCCDDEEFF0048 /* ResultViewModel.swift */,
				A1011049AABBCCDDEEFF0049 /* ResultUiState.swift */,
				A1011050AABBCCDDEEFF0050 /* ResultAction.swift */,
				A1011051AABBCCDDEEFF0051 /* ResultEvent.swift */,
			);
			path = result;
			sourceTree = "<group>";
		};
		A1012017AABBCCDDEEFF0017 /* mypage */ = {
			isa = PBXGroup;
			children = (
				A1011052AABBCCDDEEFF0052 /* JoinedRoomsView.swift */,
				A1011053AABBCCDDEEFF0053 /* JoinedRoomsViewModel.swift */,
				A1011054AABBCCDDEEFF0054 /* JoinedRoomsUiState.swift */,
				A1011055AABBCCDDEEFF0055 /* JoinedRoomsAction.swift */,
				A1011056AABBCCDDEEFF0056 /* JoinedRoomsEvent.swift */,
				A101100084AABBCCDDEEFF0084 /* ReputationUiState.swift */,
				A101100085AABBCCDDEEFF0085 /* ReputationAction.swift */,
				A101100086AABBCCDDEEFF0086 /* ReputationEvent.swift */,
				A101100087AABBCCDDEEFF0087 /* ReputationViewModel.swift */,
				A101100088AABBCCDDEEFF0088 /* ReputationView.swift */,
				A1011001125AABBCCDDEEFF0125 /* MyInfoUiState.swift */,
				A1011001126AABBCCDDEEFF0126 /* MyInfoAction.swift */,
				A1011001127AABBCCDDEEFF0127 /* MyInfoEvent.swift */,
				A1011001128AABBCCDDEEFF0128 /* MyInfoViewModel.swift */,
				A1011001129AABBCCDDEEFF0129 /* MyInfoView.swift */,
				A1011001130AABBCCDDEEFF0130 /* EditProfileUiState.swift */,
				A1011001131AABBCCDDEEFF0131 /* EditProfileAction.swift */,
				A1011001132AABBCCDDEEFF0132 /* EditProfileEvent.swift */,
				A1011001133AABBCCDDEEFF0133 /* EditProfileViewModel.swift */,
				A1011001134AABBCCDDEEFF0134 /* EditProfileView.swift */,
				A1011001135AABBCCDDEEFF0135 /* NotificationSettingsUiState.swift */,
				A1011001136AABBCCDDEEFF0136 /* NotificationSettingsAction.swift */,
				A1011001137AABBCCDDEEFF0137 /* NotificationSettingsEvent.swift */,
				A1011001138AABBCCDDEEFF0138 /* NotificationSettingsViewModel.swift */,
				A1011001139AABBCCDDEEFF0139 /* NotificationSettingsView.swift */,
				A1011000164AABBCCDDEEFF0164 /* DeleteAccountUiState.swift */,
				A1011000165AABBCCDDEEFF0165 /* DeleteAccountAction.swift */,
				A1011000166AABBCCDDEEFF0166 /* DeleteAccountEvent.swift */,
				A1011000167AABBCCDDEEFF0167 /* DeleteAccountViewModel.swift */,
				A1011000168AABBCCDDEE9000 /* CharacterEditAction.swift */,
				A1011000168AABBCCDDEE9001 /* CharacterEditEvent.swift */,
				A1011000168AABBCCDDEE9002 /* CharacterEditUiState.swift */,
				A1011000168AABBCCDDEE9003 /* CharacterEditViewModel.swift */,
				A1011000168AABBCCDDEE9004 /* CharacterEditView.swift */,
				A1011000168AABBCCDDEEFF0168 /* DeleteAccountView.swift */,
			);
			path = mypage;
			sourceTree = "<group>";
		};
		A1012018AABBCCDDEEFF0018 /* payment */ = {
			isa = PBXGroup;
			children = (
				A1011057AABBCCDDEEFF0057 /* PaymentView.swift */,
				A101100079AABBCCDDEEFF0079 /* CoinHistoryUiState.swift */,
				A101100080AABBCCDDEEFF0080 /* CoinHistoryAction.swift */,
				A101100081AABBCCDDEEFF0081 /* CoinHistoryEvent.swift */,
				A101100082AABBCCDDEEFF0082 /* CoinHistoryViewModel.swift */,
				A101100083AABBCCDDEEFF0083 /* CoinHistoryView.swift */,
				A1011000159AABBCCDDEEFF0159 /* CoinChargeUiState.swift */,
				A1011000160AABBCCDDEEFF0160 /* CoinChargeAction.swift */,
				A1011000161AABBCCDDEEFF0161 /* CoinChargeEvent.swift */,
				A1011000162AABBCCDDEEFF0162 /* CoinChargeViewModel.swift */,
				A1011000163AABBCCDDEEFF0163 /* CoinChargeView.swift */,
				A1011058AABBCCDDEEFF0058 /* PaymentViewModel.swift */,
				A1011059AABBCCDDEEFF0059 /* PaymentUiState.swift */,
				A1011060AABBCCDDEEFF0060 /* PaymentAction.swift */,
				A1011061AABBCCDDEEFF0061 /* PaymentEvent.swift */,
				A1011001114AABBCCDDEEFF0114 /* EarningsUiState.swift */,
				A1011001115AABBCCDDEEFF0115 /* EarningsAction.swift */,
				A1011001116AABBCCDDEEFF0116 /* EarningsEvent.swift */,
				A1011001117AABBCCDDEEFF0117 /* EarningsViewModel.swift */,
				A1011001118AABBCCDDEEFF0118 /* EarningsView.swift */,
				A1011001119AABBCCDDEEFF0119 /* SettlementAccountUiState.swift */,
				A1011001120AABBCCDDEEFF0120 /* SettlementAccountAction.swift */,
				A1011001121AABBCCDDEEFF0121 /* SettlementAccountEvent.swift */,
				A1011001122AABBCCDDEEFF0122 /* SettlementAccountViewModel.swift */,
				A1011001123AABBCCDDEEFF0123 /* SettlementAccountView.swift */,
				A1011001140AABBCCDDEEFF0140 /* PaymentMethodUiState.swift */,
				A1011001141AABBCCDDEEFF0141 /* PaymentMethodAction.swift */,
				A1011001142AABBCCDDEEFF0142 /* PaymentMethodEvent.swift */,
				A1011001143AABBCCDDEEFF0143 /* PaymentMethodViewModel.swift */,
				A1011001144AABBCCDDEEFF0144 /* PaymentMethodView.swift */,
			);
			path = payment;
			sourceTree = "<group>";
		};
		A1012022AABBCCDDEEFF0022 /* profile */ = {
			isa = PBXGroup;
			children = (
				A101100089AABBCCDDEEFF0089 /* HostProfileUiState.swift */,
				A101100090AABBCCDDEEFF0090 /* HostProfileAction.swift */,
				A101100091AABBCCDDEEFF0091 /* HostProfileEvent.swift */,
				A101100092AABBCCDDEEFF0092 /* HostProfileViewModel.swift */,
				A101100093AABBCCDDEEFF0093 /* HostProfileSheetView.swift */,
			);
			path = profile;
			sourceTree = "<group>";
		};
		A1012023AABBCCDDEEFF0023 /* hostroom */ = {
			isa = PBXGroup;
			children = (
				A101100094AABBCCDDEEFF0094 /* HostedRoomsUiState.swift */,
				A101100095AABBCCDDEEFF0095 /* HostedRoomsAction.swift */,
				A101100096AABBCCDDEEFF0096 /* HostedRoomsEvent.swift */,
				A101100097AABBCCDDEEFF0097 /* HostedRoomsViewModel.swift */,
				A101100098AABBCCDDEEFF0098 /* HostedRoomsView.swift */,
				A101100099AABBCCDDEEFF0099 /* CreateRoomUiState.swift */,
				A101100100AABBCCDDEEFF0100 /* CreateRoomAction.swift */,
				A101100101AABBCCDDEEFF0101 /* CreateRoomEvent.swift */,
				A101100102AABBCCDDEEFF0102 /* CreateRoomViewModel.swift */,
				A101100103AABBCCDDEEFF0103 /* CreateRoomSheetView.swift */,
				A101100104AABBCCDDEEFF0104 /* RoomReportUiState.swift */,
				A101100105AABBCCDDEEFF0105 /* RoomReportAction.swift */,
				A101100106AABBCCDDEEFF0106 /* RoomReportEvent.swift */,
				A101100107AABBCCDDEEFF0107 /* RoomReportViewModel.swift */,
				A101100108AABBCCDDEEFF0108 /* RoomReportView.swift */,
				A101100109AABBCCDDEEFF0109 /* SessionControlUiState.swift */,
				A101100110AABBCCDDEEFF0110 /* SessionControlAction.swift */,
				A101100111AABBCCDDEEFF0111 /* SessionControlEvent.swift */,
				A101100112AABBCCDDEEFF0112 /* SessionControlViewModel.swift */,
				A101100113AABBCCDDEEFF0113 /* SessionControlView.swift */,
				A1011001124AABBCCDDEEFF0124 /* VoiceHintRecorder.swift */,
			);
			path = hostroom;
			sourceTree = "<group>";
		};
		A1012019AABBCCDDEEFF0019 /* navigation */ = {
			isa = PBXGroup;
			children = (
				A1011062AABBCCDDEEFF0062 /* Route.swift */,
				A1011001145AABBCCDDEEFF0145 /* AppTab.swift */,
				A1011001146AABBCCDDEEFF0146 /* AppShellUiState.swift */,
				A1011001147AABBCCDDEEFF0147 /* AppShellAction.swift */,
				A1011001148AABBCCDDEEFF0148 /* AppShellEvent.swift */,
				A1011001149AABBCCDDEEFF0149 /* AppShellViewModel.swift */,
				A1011001155AABBCCDDEEFF0155 /* RouteStackLevel.swift */,
			);
			path = navigation;
			sourceTree = "<group>";
		};
		A1012020AABBCCDDEEFF0020 /* theme */ = {
			isa = PBXGroup;
			children = (
				A1011063AABBCCDDEEFF0063 /* PassmateColors.swift */,
			);
			path = theme;
			sourceTree = "<group>";
		};
		A1012021AABBCCDDEEFF0021 /* component */ = {
			isa = PBXGroup;
			children = (
				A1011064AABBCCDDEEFF0064 /* PassmateCard.swift */,
				A101100070AABBCCDDEEFF0070 /* StarRatingView.swift */,
				A1011065AABBCCDDEEFF0065 /* StudentAvatar.swift */,
				A101100073AABBCCDDEEFF0073 /* PortOnePaymentView.swift */,
				A1011066AABBCCDDEEFF0066 /* PassyMascot.swift */,
				A1011001156AABBCCDDEEFF0156 /* FlowLayout.swift */,
				A1011001157AABBCCDDEEFF0157 /* WeakTopicsRow.swift */,
				A1011001160AABBCCDDEEFF0160 /* PassmateEmptyStateView.swift */,
				A1011001159AABBCCDDEEFF0159 /* PassmateIconView.swift */,
				A1011000168AABBCCDDEE9100 /* PassmateTimerBar.swift */,
				A1011002201AABBCCDDEEFF0201 /* PassmateBottomTabBar.swift */,
				A1011002201AABBCCDDEEFF0301 /* PassmateSkeletonView.swift */,
				A1011002202AABBCCDDEEFF0202 /* NativeTabBarHidden.swift */,
				A1011001158AABBCCDDEEFF0158 /* SheetDetents.swift */,
				A1011000169AABBCCDDEEFF0169 /* PassmateIcons.swift */,
				A1011000170AABBCCDDEEFF0170 /* PassmateIconView.swift */,
				A1011000171AABBCCDDEEFF0171 /* PassmateBackButton.swift */,
				A1011000172AABBCCDDEEFF0172 /* PassmateSplashView.swift */,
			);
			path = component;
			sourceTree = "<group>";
		};
/* End PBXGroup section */

/* Begin PBXNativeTarget section */
		99CF99429131F36183477D6E /* iosApp */ = {
			isa = PBXNativeTarget;
			buildConfigurationList = 196EAD793AD4D89F2AD93A5A /* Build configuration list for PBXNativeTarget "iosApp" */;
			buildPhases = (
				CB971FB824FC4D3F47D62639 /* Compile Kotlin Framework */,
				DC56617BD6DD73C26DAD6C61 /* Sources */,
				4C1D180E998DC1DFE4B2A6C8 /* Frameworks */,
				CB67518FFED04B93187D795F /* Resources */,
			);
			buildRules = (
			);
			dependencies = (
			);
			name = iosApp;
			packageProductDependencies = (
			);
			productName = iosApp;
			productReference = FEA9D4AD37B8EF9BE110840A /* Passmate.app */;
			productType = "com.apple.product-type.application";
		};
/* End PBXNativeTarget section */

/* Begin PBXProject section */
		8A6481950DA9E60233403499 /* Project object */ = {
			isa = PBXProject;
			attributes = {
				BuildIndependentTargetsInParallel = 1;
				LastSwiftUpdateCheck = 1620;
				LastUpgradeCheck = 1620;
				TargetAttributes = {
					99CF99429131F36183477D6E = {
						CreatedOnToolsVersion = 14.3.1;
					};
				};
			};
			buildConfigurationList = 39EC082B253F58ACDB62DCD9 /* Build configuration list for PBXProject "iosApp" */;
			compatibilityVersion = "Xcode 2.4";
			developmentRegion = en;
			hasScannedForEncodings = 0;
			knownRegions = (
				en,
				Base,
			);
			mainGroup = FBFDA0ED57CE363227DB6AC1;
			productRefGroup = 7332ACCB08708982CBFABD2D /* Products */;
			projectDirPath = "";
			projectRoot = "";
			targets = (
				99CF99429131F36183477D6E /* iosApp */,
			);
		};
/* End PBXProject section */

/* Begin PBXResourcesBuildPhase section */
		CB67518FFED04B93187D795F /* Resources */ = {
			isa = PBXResourcesBuildPhase;
			buildActionMask = 2147483647;
			files = (
				A1010004AABBCCDDEEFF0004 /* Assets.xcassets in Resources */,
				A1010005AABBCCDDEEFF0005 /* Preview Assets.xcassets in Resources */,
			);
			runOnlyForDeploymentPostprocessing = 0;
		};
/* End PBXResourcesBuildPhase section */

/* Begin PBXShellScriptBuildPhase section */
		CB971FB824FC4D3F47D62639 /* Compile Kotlin Framework */ = {
			isa = PBXShellScriptBuildPhase;
			alwaysOutOfDate = 1;
			buildActionMask = 2147483647;
			files = (
			);
			inputFileListPaths = (
			);
			inputPaths = (
			);
			name = "Compile Kotlin Framework";
			outputFileListPaths = (
			);
			outputPaths = (
			);
			runOnlyForDeploymentPostprocessing = 0;
			shellPath = /bin/sh;
			shellScript = "set -e\nif [ \"YES\" = \"$OVERRIDE_KOTLIN_BUILD_IDE_SUPPORTED\" ]; then\n  echo \"Skipping Gradle build task invocation due to OVERRIDE_KOTLIN_BUILD_IDE_SUPPORTED environment variable set to \\\"YES\\\"\"\n  exit 0\nfi\ncd \"$SRCROOT/..\"\nif [ -z \"$JAVA_HOME\" ]; then\n  export JAVA_HOME=\"$(/usr/libexec/java_home -v 17 2>/dev/null || /usr/libexec/java_home 2>/dev/null || true)\"\nfi\nchmod +x ./gradlew\n./gradlew :shared:embedAndSignAppleFrameworkForXcode --stacktrace\n";
		};
/* End PBXShellScriptBuildPhase section */

/* Begin PBXSourcesBuildPhase section */
		DC56617BD6DD73C26DAD6C61 /* Sources */ = {
			isa = PBXSourcesBuildPhase;
			buildActionMask = 2147483647;
			files = (
				A1010001AABBCCDDEEFF0001 /* ContentView.swift in Sources */,
				A1010002AABBCCDDEEFF0002 /* iOSApp.swift in Sources */,
				A1010027AABBCCDDEEFF0027 /* SignInView.swift in Sources */,
				A1010028AABBCCDDEEFF0028 /* SignInViewModel.swift in Sources */,
				A1010029AABBCCDDEEFF0029 /* SignInUiState.swift in Sources */,
				A1010030AABBCCDDEEFF0030 /* SignInAction.swift in Sources */,
				A1010031AABBCCDDEEFF0031 /* SignInEvent.swift in Sources */,
				A1010032AABBCCDDEEFF0032 /* JoinView.swift in Sources */,
				A101000072AABBCCDDEEFF0072 /* RoomInfoCardView.swift in Sources */,
				A1010033AABBCCDDEEFF0033 /* JoinViewModel.swift in Sources */,
				A1010034AABBCCDDEEFF0034 /* JoinUiState.swift in Sources */,
				A1010035AABBCCDDEEFF0035 /* JoinAction.swift in Sources */,
				A1010036AABBCCDDEEFF0036 /* JoinEvent.swift in Sources */,
				A1010037AABBCCDDEEFF0037 /* WaitingView.swift in Sources */,
				A1010038AABBCCDDEEFF0038 /* WaitingViewModel.swift in Sources */,
				A1010039AABBCCDDEEFF0039 /* WaitingUiState.swift in Sources */,
				A1010040AABBCCDDEEFF0040 /* WaitingAction.swift in Sources */,
				A1010041AABBCCDDEEFF0041 /* WaitingEvent.swift in Sources */,
				A1010042AABBCCDDEEFF0042 /* PlayView.swift in Sources */,
				A1010067AABBCCDDEEFF0067 /* VoiceHintPlayerView.swift in Sources */,
				A1010043AABBCCDDEEFF0043 /* PlayViewModel.swift in Sources */,
				A1010044AABBCCDDEEFF0044 /* PlayUiState.swift in Sources */,
				A1010045AABBCCDDEEFF0045 /* PlayAction.swift in Sources */,
				A1010046AABBCCDDEEFF0046 /* PlayEvent.swift in Sources */,
				A1010047AABBCCDDEEFF0047 /* ResultView.swift in Sources */,
				A1010068AABBCCDDEEFF0068 /* FeedbackSectionView.swift in Sources */,
				A1010069AABBCCDDEEFF0069 /* SignupPromptSectionView.swift in Sources */,
				A101000071AABBCCDDEEFF0071 /* RatingSectionView.swift in Sources */,
				A1010048AABBCCDDEEFF0048 /* ResultViewModel.swift in Sources */,
				A1010049AABBCCDDEEFF0049 /* ResultUiState.swift in Sources */,
				A1010050AABBCCDDEEFF0050 /* ResultAction.swift in Sources */,
				A1010051AABBCCDDEEFF0051 /* ResultEvent.swift in Sources */,
				A1010052AABBCCDDEEFF0052 /* JoinedRoomsView.swift in Sources */,
				A1010053AABBCCDDEEFF0053 /* JoinedRoomsViewModel.swift in Sources */,
				A1010054AABBCCDDEEFF0054 /* JoinedRoomsUiState.swift in Sources */,
				A1010055AABBCCDDEEFF0055 /* JoinedRoomsAction.swift in Sources */,
				A1010056AABBCCDDEEFF0056 /* JoinedRoomsEvent.swift in Sources */,
				A1010057AABBCCDDEEFF0057 /* PaymentView.swift in Sources */,
				A1010058AABBCCDDEEFF0058 /* PaymentViewModel.swift in Sources */,
				A1010059AABBCCDDEEFF0059 /* PaymentUiState.swift in Sources */,
				A1010060AABBCCDDEEFF0060 /* PaymentAction.swift in Sources */,
				A1010061AABBCCDDEEFF0061 /* PaymentEvent.swift in Sources */,
				A1010062AABBCCDDEEFF0062 /* Route.swift in Sources */,
				A1010063AABBCCDDEEFF0063 /* PassmateColors.swift in Sources */,
				A1010064AABBCCDDEEFF0064 /* PassmateCard.swift in Sources */,
				A101000070AABBCCDDEEFF0070 /* StarRatingView.swift in Sources */,
				A1010065AABBCCDDEEFF0065 /* StudentAvatar.swift in Sources */,
				A101000073AABBCCDDEEFF0073 /* PortOnePaymentView.swift in Sources */,
				A101000074AABBCCDDEEFF0074 /* RoomListUiState.swift in Sources */,
				A101000075AABBCCDDEEFF0075 /* RoomListAction.swift in Sources */,
				A101000076AABBCCDDEEFF0076 /* RoomListEvent.swift in Sources */,
				A101000077AABBCCDDEEFF0077 /* RoomListViewModel.swift in Sources */,
				A101000078AABBCCDDEEFF0078 /* RoomListView.swift in Sources */,
				A101000079AABBCCDDEEFF0079 /* CoinHistoryUiState.swift in Sources */,
				A101000080AABBCCDDEEFF0080 /* CoinHistoryAction.swift in Sources */,
				A101000081AABBCCDDEEFF0081 /* CoinHistoryEvent.swift in Sources */,
				A101000082AABBCCDDEEFF0082 /* CoinHistoryViewModel.swift in Sources */,
				A101000083AABBCCDDEEFF0083 /* CoinHistoryView.swift in Sources */,
				A1010000159AABBCCDDEEFF0159 /* CoinChargeUiState.swift in Sources */,
				A1010000160AABBCCDDEEFF0160 /* CoinChargeAction.swift in Sources */,
				A1010000161AABBCCDDEEFF0161 /* CoinChargeEvent.swift in Sources */,
				A1010000162AABBCCDDEEFF0162 /* CoinChargeViewModel.swift in Sources */,
				A1010000163AABBCCDDEEFF0163 /* CoinChargeView.swift in Sources */,
				A101000084AABBCCDDEEFF0084 /* ReputationUiState.swift in Sources */,
				A101000085AABBCCDDEEFF0085 /* ReputationAction.swift in Sources */,
				A101000086AABBCCDDEEFF0086 /* ReputationEvent.swift in Sources */,
				A101000087AABBCCDDEEFF0087 /* ReputationViewModel.swift in Sources */,
				A101000088AABBCCDDEEFF0088 /* ReputationView.swift in Sources */,
				A101000089AABBCCDDEEFF0089 /* HostProfileUiState.swift in Sources */,
				A101000090AABBCCDDEEFF0090 /* HostProfileAction.swift in Sources */,
				A101000091AABBCCDDEEFF0091 /* HostProfileEvent.swift in Sources */,
				A101000092AABBCCDDEEFF0092 /* HostProfileViewModel.swift in Sources */,
				A101000093AABBCCDDEEFF0093 /* HostProfileSheetView.swift in Sources */,
				A101000094AABBCCDDEEFF0094 /* HostedRoomsUiState.swift in Sources */,
				A101000095AABBCCDDEEFF0095 /* HostedRoomsAction.swift in Sources */,
				A101000096AABBCCDDEEFF0096 /* HostedRoomsEvent.swift in Sources */,
				A101000097AABBCCDDEEFF0097 /* HostedRoomsViewModel.swift in Sources */,
				A101000098AABBCCDDEEFF0098 /* HostedRoomsView.swift in Sources */,
				A101000099AABBCCDDEEFF0099 /* CreateRoomUiState.swift in Sources */,
				A101000100AABBCCDDEEFF0100 /* CreateRoomAction.swift in Sources */,
				A101000101AABBCCDDEEFF0101 /* CreateRoomEvent.swift in Sources */,
				A101000102AABBCCDDEEFF0102 /* CreateRoomViewModel.swift in Sources */,
				A101000103AABBCCDDEEFF0103 /* CreateRoomSheetView.swift in Sources */,
				A101000104AABBCCDDEEFF0104 /* RoomReportUiState.swift in Sources */,
				A101000105AABBCCDDEEFF0105 /* RoomReportAction.swift in Sources */,
				A101000106AABBCCDDEEFF0106 /* RoomReportEvent.swift in Sources */,
				A101000107AABBCCDDEEFF0107 /* RoomReportViewModel.swift in Sources */,
				A101000108AABBCCDDEEFF0108 /* RoomReportView.swift in Sources */,
				A101000109AABBCCDDEEFF0109 /* SessionControlUiState.swift in Sources */,
				A101000110AABBCCDDEEFF0110 /* SessionControlAction.swift in Sources */,
				A101000111AABBCCDDEEFF0111 /* SessionControlEvent.swift in Sources */,
				A101000112AABBCCDDEEFF0112 /* SessionControlViewModel.swift in Sources */,
				A101000113AABBCCDDEEFF0113 /* SessionControlView.swift in Sources */,
				A1010001114AABBCCDDEEFF0114 /* EarningsUiState.swift in Sources */,
				A1010001115AABBCCDDEEFF0115 /* EarningsAction.swift in Sources */,
				A1010001116AABBCCDDEEFF0116 /* EarningsEvent.swift in Sources */,
				A1010001117AABBCCDDEEFF0117 /* EarningsViewModel.swift in Sources */,
				A1010001118AABBCCDDEEFF0118 /* EarningsView.swift in Sources */,
				A1010001119AABBCCDDEEFF0119 /* SettlementAccountUiState.swift in Sources */,
				A1010001120AABBCCDDEEFF0120 /* SettlementAccountAction.swift in Sources */,
				A1010001121AABBCCDDEEFF0121 /* SettlementAccountEvent.swift in Sources */,
				A1010001122AABBCCDDEEFF0122 /* SettlementAccountViewModel.swift in Sources */,
				A1010001123AABBCCDDEEFF0123 /* SettlementAccountView.swift in Sources */,
				A1010001124AABBCCDDEEFF0124 /* VoiceHintRecorder.swift in Sources */,
				A1010001125AABBCCDDEEFF0125 /* MyInfoUiState.swift in Sources */,
				A1010001126AABBCCDDEEFF0126 /* MyInfoAction.swift in Sources */,
				A1010001127AABBCCDDEEFF0127 /* MyInfoEvent.swift in Sources */,
				A1010001128AABBCCDDEEFF0128 /* MyInfoViewModel.swift in Sources */,
				A1010001129AABBCCDDEEFF0129 /* MyInfoView.swift in Sources */,
				A1010001130AABBCCDDEEFF0130 /* EditProfileUiState.swift in Sources */,
				A1010001131AABBCCDDEEFF0131 /* EditProfileAction.swift in Sources */,
				A1010001132AABBCCDDEEFF0132 /* EditProfileEvent.swift in Sources */,
				A1010001133AABBCCDDEEFF0133 /* EditProfileViewModel.swift in Sources */,
				A1010001134AABBCCDDEEFF0134 /* EditProfileView.swift in Sources */,
				A1010001135AABBCCDDEEFF0135 /* NotificationSettingsUiState.swift in Sources */,
				A1010001136AABBCCDDEEFF0136 /* NotificationSettingsAction.swift in Sources */,
				A1010001137AABBCCDDEEFF0137 /* NotificationSettingsEvent.swift in Sources */,
				A1010001138AABBCCDDEEFF0138 /* NotificationSettingsViewModel.swift in Sources */,
				A1010001139AABBCCDDEEFF0139 /* NotificationSettingsView.swift in Sources */,
				A1010001140AABBCCDDEEFF0140 /* PaymentMethodUiState.swift in Sources */,
				A1010001141AABBCCDDEEFF0141 /* PaymentMethodAction.swift in Sources */,
				A1010001142AABBCCDDEEFF0142 /* PaymentMethodEvent.swift in Sources */,
				A1010001143AABBCCDDEEFF0143 /* PaymentMethodViewModel.swift in Sources */,
				A1010001144AABBCCDDEEFF0144 /* PaymentMethodView.swift in Sources */,
				A1010001145AABBCCDDEEFF0145 /* AppTab.swift in Sources */,
				A1010001146AABBCCDDEEFF0146 /* AppShellUiState.swift in Sources */,
				A1010001147AABBCCDDEEFF0147 /* AppShellAction.swift in Sources */,
				A1010001148AABBCCDDEEFF0148 /* AppShellEvent.swift in Sources */,
				A1010001149AABBCCDDEEFF0149 /* AppShellViewModel.swift in Sources */,
				A1010000164AABBCCDDEEFF0164 /* DeleteAccountUiState.swift in Sources */,
				A1010000165AABBCCDDEEFF0165 /* DeleteAccountAction.swift in Sources */,
				A1010000166AABBCCDDEEFF0166 /* DeleteAccountEvent.swift in Sources */,
				A1010000167AABBCCDDEEFF0167 /* DeleteAccountViewModel.swift in Sources */,
				A1010000168AABBCCDDEE9000 /* CharacterEditAction.swift in Sources */,
				A1010000168AABBCCDDEE9001 /* CharacterEditEvent.swift in Sources */,
				A1010000168AABBCCDDEE9002 /* CharacterEditUiState.swift in Sources */,
				A1010000168AABBCCDDEE9003 /* CharacterEditViewModel.swift in Sources */,
				A1010000168AABBCCDDEE9004 /* CharacterEditView.swift in Sources */,
				A1010000168AABBCCDDEEFF0168 /* DeleteAccountView.swift in Sources */,
				A1010000171AABBCCDDEEFF0171 /* PassmateBackButton.swift in Sources */,
				A1010000172AABBCCDDEEFF0172 /* PassmateSplashView.swift in Sources */,
				A1010001155AABBCCDDEEFF0155 /* RouteStackLevel.swift in Sources */,
				A1010001156AABBCCDDEEFF0156 /* FlowLayout.swift in Sources */,
				A1010001157AABBCCDDEEFF0157 /* WeakTopicsRow.swift in Sources */,
				A1010001160AABBCCDDEEFF0160 /* PassmateEmptyStateView.swift in Sources */,
				A1010001159AABBCCDDEEFF0159 /* PassmateIconView.swift in Sources */,
				A1010000168AABBCCDDEE9100 /* PassmateTimerBar.swift in Sources */,
				A1010002201AABBCCDDEEFF0201 /* PassmateBottomTabBar.swift in Sources */,
				A1010002201AABBCCDDEEFF0301 /* PassmateSkeletonView.swift in Sources */,
				A1010002202AABBCCDDEEFF0202 /* NativeTabBarHidden.swift in Sources */,
				A1010001158AABBCCDDEEFF0158 /* SheetDetents.swift in Sources */,
				A1010000169AABBCCDDEEFF0169 /* PassmateIcons.swift in Sources */,
				A1010000170AABBCCDDEEFF0170 /* PassmateIconView.swift in Sources */,
				A1010066AABBCCDDEEFF0066 /* PassyMascot.swift in Sources */,
			);
			runOnlyForDeploymentPostprocessing = 0;
		};
/* End PBXSourcesBuildPhase section */

/* Begin XCBuildConfiguration section */
		0F03B78BD6DBA2773D16F317 /* Release */ = {
			isa = XCBuildConfiguration;
			baseConfigurationReference = A1011000AABBCCDDEEFF0000 /* Config.xcconfig */;
			buildSettings = {
				ALWAYS_SEARCH_USER_PATHS = NO;
				ASSETCATALOG_COMPILER_GENERATE_SWIFT_ASSET_SYMBOL_EXTENSIONS = YES;
				CLANG_ANALYZER_NONNULL = YES;
				CLANG_ANALYZER_NUMBER_OBJECT_CONVERSION = YES_AGGRESSIVE;
				CLANG_CXX_LANGUAGE_STANDARD = "gnu++20";
				CLANG_ENABLE_MODULES = YES;
				CLANG_ENABLE_OBJC_ARC = YES;
				CLANG_ENABLE_OBJC_WEAK = YES;
				CLANG_WARN_BLOCK_CAPTURE_AUTORELEASING = YES;
				CLANG_WARN_BOOL_CONVERSION = YES;
				CLANG_WARN_COMMA = YES;
				CLANG_WARN_CONSTANT_CONVERSION = YES;
				CLANG_WARN_DEPRECATED_OBJC_IMPLEMENTATIONS = YES;
				CLANG_WARN_DIRECT_OBJC_ISA_USAGE = YES_ERROR;
				CLANG_WARN_DOCUMENTATION_COMMENTS = YES;
				CLANG_WARN_EMPTY_BODY = YES;
				CLANG_WARN_ENUM_CONVERSION = YES;
				CLANG_WARN_INFINITE_RECURSION = YES;
				CLANG_WARN_INT_CONVERSION = YES;
				CLANG_WARN_NON_LITERAL_NULL_CONVERSION = YES;
				CLANG_WARN_OBJC_IMPLICIT_RETAIN_SELF = YES;
				CLANG_WARN_OBJC_LITERAL_CONVERSION = YES;
				CLANG_WARN_OBJC_ROOT_CLASS = YES_ERROR;
				CLANG_WARN_QUOTED_INCLUDE_IN_FRAMEWORK_HEADER = YES;
				CLANG_WARN_RANGE_LOOP_ANALYSIS = YES;
				CLANG_WARN_STRICT_PROTOTYPES = YES;
				CLANG_WARN_SUSPICIOUS_MOVE = YES;
				CLANG_WARN_UNGUARDED_AVAILABILITY = YES_AGGRESSIVE;
				CLANG_WARN_UNREACHABLE_CODE = YES;
				CLANG_WARN__DUPLICATE_METHOD_MATCH = YES;
				COPY_PHASE_STRIP = NO;
				DEBUG_INFORMATION_FORMAT = "dwarf-with-dsym";
				ENABLE_NS_ASSERTIONS = NO;
				ENABLE_STRICT_OBJC_MSGSEND = YES;
				ENABLE_USER_SCRIPT_SANDBOXING = NO;
				GCC_C_LANGUAGE_STANDARD = gnu17;
				GCC_NO_COMMON_BLOCKS = YES;
				GCC_WARN_64_TO_32_BIT_CONVERSION = YES;
				GCC_WARN_ABOUT_RETURN_TYPE = YES_ERROR;
				GCC_WARN_UNDECLARED_SELECTOR = YES;
				GCC_WARN_UNINITIALIZED_AUTOS = YES_AGGRESSIVE;
				GCC_WARN_UNUSED_FUNCTION = YES;
				GCC_WARN_UNUSED_VARIABLE = YES;
				IPHONEOS_DEPLOYMENT_TARGET = 15.0;
				LOCALIZATION_PREFERS_STRING_CATALOGS = YES;
				MTL_ENABLE_DEBUG_INFO = NO;
				MTL_FAST_MATH = YES;
				SDKROOT = iphoneos;
				SWIFT_COMPILATION_MODE = wholemodule;
				VALIDATE_PRODUCT = YES;
			};
			name = Release;
		};
		7B2C3692932AE9B09B5AE936 /* Debug */ = {
			isa = XCBuildConfiguration;
			baseConfigurationReference = A1011000AABBCCDDEEFF0000 /* Config.xcconfig */;
			buildSettings = {
				ALWAYS_SEARCH_USER_PATHS = NO;
				ASSETCATALOG_COMPILER_GENERATE_SWIFT_ASSET_SYMBOL_EXTENSIONS = YES;
				CLANG_ANALYZER_NONNULL = YES;
				CLANG_ANALYZER_NUMBER_OBJECT_CONVERSION = YES_AGGRESSIVE;
				CLANG_CXX_LANGUAGE_STANDARD = "gnu++20";
				CLANG_ENABLE_MODULES = YES;
				CLANG_ENABLE_OBJC_ARC = YES;
				CLANG_ENABLE_OBJC_WEAK = YES;
				CLANG_WARN_BLOCK_CAPTURE_AUTORELEASING = YES;
				CLANG_WARN_BOOL_CONVERSION = YES;
				CLANG_WARN_COMMA = YES;
				CLANG_WARN_CONSTANT_CONVERSION = YES;
				CLANG_WARN_DEPRECATED_OBJC_IMPLEMENTATIONS = YES;
				CLANG_WARN_DIRECT_OBJC_ISA_USAGE = YES_ERROR;
				CLANG_WARN_DOCUMENTATION_COMMENTS = YES;
				CLANG_WARN_EMPTY_BODY = YES;
				CLANG_WARN_ENUM_CONVERSION = YES;
				CLANG_WARN_INFINITE_RECURSION = YES;
				CLANG_WARN_INT_CONVERSION = YES;
				CLANG_WARN_NON_LITERAL_NULL_CONVERSION = YES;
				CLANG_WARN_OBJC_IMPLICIT_RETAIN_SELF = YES;
				CLANG_WARN_OBJC_LITERAL_CONVERSION = YES;
				CLANG_WARN_OBJC_ROOT_CLASS = YES_ERROR;
				CLANG_WARN_QUOTED_INCLUDE_IN_FRAMEWORK_HEADER = YES;
				CLANG_WARN_RANGE_LOOP_ANALYSIS = YES;
				CLANG_WARN_STRICT_PROTOTYPES = YES;
				CLANG_WARN_SUSPICIOUS_MOVE = YES;
				CLANG_WARN_UNGUARDED_AVAILABILITY = YES_AGGRESSIVE;
				CLANG_WARN_UNREACHABLE_CODE = YES;
				CLANG_WARN__DUPLICATE_METHOD_MATCH = YES;
				COPY_PHASE_STRIP = NO;
				DEBUG_INFORMATION_FORMAT = dwarf;
				ENABLE_STRICT_OBJC_MSGSEND = YES;
				ENABLE_TESTABILITY = YES;
				ENABLE_USER_SCRIPT_SANDBOXING = NO;
				GCC_C_LANGUAGE_STANDARD = gnu17;
				GCC_DYNAMIC_NO_PIC = NO;
				GCC_NO_COMMON_BLOCKS = YES;
				GCC_OPTIMIZATION_LEVEL = 0;
				GCC_PREPROCESSOR_DEFINITIONS = (
					"DEBUG=1",
					"$(inherited)",
				);
				GCC_WARN_64_TO_32_BIT_CONVERSION = YES;
				GCC_WARN_ABOUT_RETURN_TYPE = YES_ERROR;
				GCC_WARN_UNDECLARED_SELECTOR = YES;
				GCC_WARN_UNINITIALIZED_AUTOS = YES_AGGRESSIVE;
				GCC_WARN_UNUSED_FUNCTION = YES;
				GCC_WARN_UNUSED_VARIABLE = YES;
				IPHONEOS_DEPLOYMENT_TARGET = 15.0;
				LOCALIZATION_PREFERS_STRING_CATALOGS = YES;
				MTL_ENABLE_DEBUG_INFO = INCLUDE_SOURCE;
				MTL_FAST_MATH = YES;
				ONLY_ACTIVE_ARCH = YES;
				SDKROOT = iphoneos;
				SWIFT_ACTIVE_COMPILATION_CONDITIONS = "DEBUG $(inherited)";
				SWIFT_OPTIMIZATION_LEVEL = "-Onone";
			};
			name = Debug;
		};
		7E56410D1FF5D7C593E0E959 /* Release */ = {
			isa = XCBuildConfiguration;
			buildSettings = {
				ARCHS = "$(ARCHS_STANDARD)";
				ASSETCATALOG_COMPILER_APPICON_NAME = AppIcon;
				ASSETCATALOG_COMPILER_GLOBAL_ACCENT_COLOR_NAME = AccentColor;
				CODE_SIGN_IDENTITY = "Apple Development";
				CODE_SIGN_STYLE = Automatic;
				DEVELOPMENT_ASSET_PATHS = "\"iosApp/Preview Content\"";
				DEVELOPMENT_TEAM = W345THX6Y6;
				ENABLE_PREVIEWS = YES;
				FRAMEWORK_SEARCH_PATHS = (
					"$(inherited)",
					"$(SRCROOT)/../shared/build/xcode-frameworks/$(CONFIGURATION)/$(SDK_NAME)",
				);
				GENERATE_INFOPLIST_FILE = YES;
				INFOPLIST_FILE = iosApp/Info.plist;
				INFOPLIST_KEY_UIApplicationSceneManifest_Generation = YES;
				INFOPLIST_KEY_UIApplicationSupportsIndirectInputEvents = YES;
				INFOPLIST_KEY_UILaunchScreen_Generation = NO;
				INFOPLIST_KEY_UISupportedInterfaceOrientations_iPad = "UIInterfaceOrientationPortrait UIInterfaceOrientationPortraitUpsideDown UIInterfaceOrientationLandscapeLeft UIInterfaceOrientationLandscapeRight";
				INFOPLIST_KEY_UISupportedInterfaceOrientations_iPhone = "UIInterfaceOrientationPortrait UIInterfaceOrientationLandscapeLeft UIInterfaceOrientationLandscapeRight";
				LD_RUNPATH_SEARCH_PATHS = (
					"$(inherited)",
					"@executable_path/Frameworks",
				);
				OTHER_LDFLAGS = (
					"$(inherited)",
					"-framework",
					Shared,
				);
				SWIFT_EMIT_LOC_STRINGS = YES;
				SWIFT_VERSION = 5.0;
				TARGETED_DEVICE_FAMILY = "1,2";
			};
			name = Release;
		};
		D99B43725F1DF502B1C84AB0 /* Debug */ = {
			isa = XCBuildConfiguration;
			buildSettings = {
				ARCHS = "$(ARCHS_STANDARD)";
				ASSETCATALOG_COMPILER_APPICON_NAME = AppIcon;
				ASSETCATALOG_COMPILER_GLOBAL_ACCENT_COLOR_NAME = AccentColor;
				CODE_SIGN_IDENTITY = "Apple Development";
				CODE_SIGN_STYLE = Automatic;
				DEVELOPMENT_ASSET_PATHS = "\"iosApp/Preview Content\"";
				DEVELOPMENT_TEAM = W345THX6Y6;
				ENABLE_PREVIEWS = YES;
				FRAMEWORK_SEARCH_PATHS = (
					"$(inherited)",
					"$(SRCROOT)/../shared/build/xcode-frameworks/$(CONFIGURATION)/$(SDK_NAME)",
				);
				GENERATE_INFOPLIST_FILE = YES;
				INFOPLIST_FILE = iosApp/Info.plist;
				INFOPLIST_KEY_UIApplicationSceneManifest_Generation = YES;
				INFOPLIST_KEY_UIApplicationSupportsIndirectInputEvents = YES;
				INFOPLIST_KEY_UILaunchScreen_Generation = NO;
				INFOPLIST_KEY_UISupportedInterfaceOrientations_iPad = "UIInterfaceOrientationPortrait UIInterfaceOrientationPortraitUpsideDown UIInterfaceOrientationLandscapeLeft UIInterfaceOrientationLandscapeRight";
				INFOPLIST_KEY_UISupportedInterfaceOrientations_iPhone = "UIInterfaceOrientationPortrait UIInterfaceOrientationLandscapeLeft UIInterfaceOrientationLandscapeRight";
				LD_RUNPATH_SEARCH_PATHS = (
					"$(inherited)",
					"@executable_path/Frameworks",
				);
				OTHER_LDFLAGS = (
					"$(inherited)",
					"-framework",
					Shared,
				);
				SWIFT_EMIT_LOC_STRINGS = YES;
				SWIFT_VERSION = 5.0;
				TARGETED_DEVICE_FAMILY = "1,2";
			};
			name = Debug;
		};
/* End XCBuildConfiguration section */

/* Begin XCConfigurationList section */
		196EAD793AD4D89F2AD93A5A /* Build configuration list for PBXNativeTarget "iosApp" */ = {
			isa = XCConfigurationList;
			buildConfigurations = (
				D99B43725F1DF502B1C84AB0 /* Debug */,
				7E56410D1FF5D7C593E0E959 /* Release */,
			);
			defaultConfigurationIsVisible = 0;
			defaultConfigurationName = Release;
		};
		39EC082B253F58ACDB62DCD9 /* Build configuration list for PBXProject "iosApp" */ = {
			isa = XCConfigurationList;
			buildConfigurations = (
				7B2C3692932AE9B09B5AE936 /* Debug */,
				0F03B78BD6DBA2773D16F317 /* Release */,
			);
			defaultConfigurationIsVisible = 0;
			defaultConfigurationName = Release;
		};
/* End XCConfigurationList section */
	};
	rootObject = 8A6481950DA9E60233403499 /* Project object */;
}
